// !$*UTF8*$!
{
	archiveVersion = 1;
	classes = {
	};
	objectVersion = 46;
	objects = {

/* Begin PBXBuildFile section */
		8000D9131EDD368F00D9E8FB /* Config.swift in Sources */ = {isa = PBXBuildFile; fileRef = 8000D8C81EDD368F00D9E8FB /* Config.swift */; };
		8000D9141EDD368F00D9E8FB /* Config.swift in Sources */ = {isa = PBXBuildFile; fileRef = 8000D8C81EDD368F00D9E8FB /* Config.swift */; };
		8000D9151EDD368F00D9E8FB /* CreateConversationEndPoint.swift in Sources */ = {isa = PBXBuildFile; fileRef = 8000D8CA1EDD368F00D9E8FB /* CreateConversationEndPoint.swift */; };
		8000D9161EDD368F00D9E8FB /* CreateConversationEndPoint.swift in Sources */ = {isa = PBXBuildFile; fileRef = 8000D8CA1EDD368F00D9E8FB /* CreateConversationEndPoint.swift */; };
		8000D9171EDD368F00D9E8FB /* GetAttachmentURLEndPoint.swift in Sources */ = {isa = PBXBuildFile; fileRef = 8000D8CB1EDD368F00D9E8FB /* GetAttachmentURLEndPoint.swift */; };
		8000D9181EDD368F00D9E8FB /* GetAttachmentURLEndPoint.swift in Sources */ = {isa = PBXBuildFile; fileRef = 8000D8CB1EDD368F00D9E8FB /* GetAttachmentURLEndPoint.swift */; };
		8000D9191EDD368F00D9E8FB /* GetConversationHistoryEndPoint.swift in Sources */ = {isa = PBXBuildFile; fileRef = 8000D8CC1EDD368F00D9E8FB /* GetConversationHistoryEndPoint.swift */; };
		8000D91A1EDD368F00D9E8FB /* GetConversationHistoryEndPoint.swift in Sources */ = {isa = PBXBuildFile; fileRef = 8000D8CC1EDD368F00D9E8FB /* GetConversationHistoryEndPoint.swift */; };
		8000D91B1EDD368F00D9E8FB /* GetSettingsEndPoint.swift in Sources */ = {isa = PBXBuildFile; fileRef = 8000D8CD1EDD368F00D9E8FB /* GetSettingsEndPoint.swift */; };
		8000D91C1EDD368F00D9E8FB /* GetSettingsEndPoint.swift in Sources */ = {isa = PBXBuildFile; fileRef = 8000D8CD1EDD368F00D9E8FB /* GetSettingsEndPoint.swift */; };
		8000D91D1EDD368F00D9E8FB /* GetStickersEndPoint.swift in Sources */ = {isa = PBXBuildFile; fileRef = 8000D8CE1EDD368F00D9E8FB /* GetStickersEndPoint.swift */; };
		8000D91E1EDD368F00D9E8FB /* GetStickersEndPoint.swift in Sources */ = {isa = PBXBuildFile; fileRef = 8000D8CE1EDD368F00D9E8FB /* GetStickersEndPoint.swift */; };
		8000D91F1EDD368F00D9E8FB /* VisitorConnectEndPoint.swift in Sources */ = {isa = PBXBuildFile; fileRef = 8000D8CF1EDD368F00D9E8FB /* VisitorConnectEndPoint.swift */; };
		8000D9201EDD368F00D9E8FB /* VisitorConnectEndPoint.swift in Sources */ = {isa = PBXBuildFile; fileRef = 8000D8CF1EDD368F00D9E8FB /* VisitorConnectEndPoint.swift */; };
		8000D9211EDD368F00D9E8FB /* Date.swift in Sources */ = {isa = PBXBuildFile; fileRef = 8000D8D11EDD368F00D9E8FB /* Date.swift */; };
		8000D9221EDD368F00D9E8FB /* Date.swift in Sources */ = {isa = PBXBuildFile; fileRef = 8000D8D11EDD368F00D9E8FB /* Date.swift */; };
		8000D9231EDD368F00D9E8FB /* String.swift in Sources */ = {isa = PBXBuildFile; fileRef = 8000D8D21EDD368F00D9E8FB /* String.swift */; };
		8000D9241EDD368F00D9E8FB /* String.swift in Sources */ = {isa = PBXBuildFile; fileRef = 8000D8D21EDD368F00D9E8FB /* String.swift */; };
		8000D9251EDD368F00D9E8FB /* URL.swift in Sources */ = {isa = PBXBuildFile; fileRef = 8000D8D31EDD368F00D9E8FB /* URL.swift */; };
		8000D9261EDD368F00D9E8FB /* URL.swift in Sources */ = {isa = PBXBuildFile; fileRef = 8000D8D31EDD368F00D9E8FB /* URL.swift */; };
		8000D9271EDD368F00D9E8FB /* Sticker.swift in Sources */ = {isa = PBXBuildFile; fileRef = 8000D8D61EDD368F00D9E8FB /* Sticker.swift */; };
		8000D9281EDD368F00D9E8FB /* Sticker.swift in Sources */ = {isa = PBXBuildFile; fileRef = 8000D8D61EDD368F00D9E8FB /* Sticker.swift */; };
		8000D9291EDD368F00D9E8FB /* StickerPack.swift in Sources */ = {isa = PBXBuildFile; fileRef = 8000D8D71EDD368F00D9E8FB /* StickerPack.swift */; };
		8000D92A1EDD368F00D9E8FB /* StickerPack.swift in Sources */ = {isa = PBXBuildFile; fileRef = 8000D8D71EDD368F00D9E8FB /* StickerPack.swift */; };
		8000D92B1EDD368F00D9E8FB /* StickerResponse.swift in Sources */ = {isa = PBXBuildFile; fileRef = 8000D8D81EDD368F00D9E8FB /* StickerResponse.swift */; };
		8000D92C1EDD368F00D9E8FB /* StickerResponse.swift in Sources */ = {isa = PBXBuildFile; fileRef = 8000D8D81EDD368F00D9E8FB /* StickerResponse.swift */; };
		8000D92D1EDD368F00D9E8FB /* Conversation.swift in Sources */ = {isa = PBXBuildFile; fileRef = 8000D8DA1EDD368F00D9E8FB /* Conversation.swift */; };
		8000D92E1EDD368F00D9E8FB /* Conversation.swift in Sources */ = {isa = PBXBuildFile; fileRef = 8000D8DA1EDD368F00D9E8FB /* Conversation.swift */; };
		8000D92F1EDD368F00D9E8FB /* ConversationHistory.swift in Sources */ = {isa = PBXBuildFile; fileRef = 8000D8DB1EDD368F00D9E8FB /* ConversationHistory.swift */; };
		8000D9301EDD368F00D9E8FB /* ConversationHistory.swift in Sources */ = {isa = PBXBuildFile; fileRef = 8000D8DB1EDD368F00D9E8FB /* ConversationHistory.swift */; };
		8000D9311EDD368F00D9E8FB /* ConversationParticipant.swift in Sources */ = {isa = PBXBuildFile; fileRef = 8000D8DC1EDD368F00D9E8FB /* ConversationParticipant.swift */; };
		8000D9321EDD368F00D9E8FB /* ConversationParticipant.swift in Sources */ = {isa = PBXBuildFile; fileRef = 8000D8DC1EDD368F00D9E8FB /* ConversationParticipant.swift */; };
		8000D9331EDD368F00D9E8FB /* ConversationVisitor.swift in Sources */ = {isa = PBXBuildFile; fileRef = 8000D8DD1EDD368F00D9E8FB /* ConversationVisitor.swift */; };
		8000D9341EDD368F00D9E8FB /* ConversationVisitor.swift in Sources */ = {isa = PBXBuildFile; fileRef = 8000D8DD1EDD368F00D9E8FB /* ConversationVisitor.swift */; };
		8000D9351EDD368F00D9E8FB /* CreateConversationResponse.swift in Sources */ = {isa = PBXBuildFile; fileRef = 8000D8DE1EDD368F00D9E8FB /* CreateConversationResponse.swift */; };
		8000D9361EDD368F00D9E8FB /* CreateConversationResponse.swift in Sources */ = {isa = PBXBuildFile; fileRef = 8000D8DE1EDD368F00D9E8FB /* CreateConversationResponse.swift */; };
		8000D9371EDD368F00D9E8FB /* BrokerMetaData.swift in Sources */ = {isa = PBXBuildFile; fileRef = 8000D8E01EDD368F00D9E8FB /* BrokerMetaData.swift */; };
		8000D9381EDD368F00D9E8FB /* BrokerMetaData.swift in Sources */ = {isa = PBXBuildFile; fileRef = 8000D8E01EDD368F00D9E8FB /* BrokerMetaData.swift */; };
		8000D9391EDD368F00D9E8FB /* ContentAssignment.swift in Sources */ = {isa = PBXBuildFile; fileRef = 8000D8E21EDD368F00D9E8FB /* ContentAssignment.swift */; };
		8000D93A1EDD368F00D9E8FB /* ContentAssignment.swift in Sources */ = {isa = PBXBuildFile; fileRef = 8000D8E21EDD368F00D9E8FB /* ContentAssignment.swift */; };
		8000D93B1EDD368F00D9E8FB /* ContentAttachment.swift in Sources */ = {isa = PBXBuildFile; fileRef = 8000D8E31EDD368F00D9E8FB /* ContentAttachment.swift */; };
		8000D93C1EDD368F00D9E8FB /* ContentAttachment.swift in Sources */ = {isa = PBXBuildFile; fileRef = 8000D8E31EDD368F00D9E8FB /* ContentAttachment.swift */; };
		8000D93D1EDD369000D9E8FB /* ContentAutoResponder.swift in Sources */ = {isa = PBXBuildFile; fileRef = 8000D8E41EDD368F00D9E8FB /* ContentAutoResponder.swift */; };
		8000D93E1EDD369000D9E8FB /* ContentAutoResponder.swift in Sources */ = {isa = PBXBuildFile; fileRef = 8000D8E41EDD368F00D9E8FB /* ContentAutoResponder.swift */; };
		8000D93F1EDD369000D9E8FB /* ContentCart.swift in Sources */ = {isa = PBXBuildFile; fileRef = 8000D8E51EDD368F00D9E8FB /* ContentCart.swift */; };
		8000D9401EDD369000D9E8FB /* ContentCart.swift in Sources */ = {isa = PBXBuildFile; fileRef = 8000D8E51EDD368F00D9E8FB /* ContentCart.swift */; };
		8000D9411EDD369000D9E8FB /* ContentCloseChat.swift in Sources */ = {isa = PBXBuildFile; fileRef = 8000D8E61EDD368F00D9E8FB /* ContentCloseChat.swift */; };
		8000D9421EDD369000D9E8FB /* ContentCloseChat.swift in Sources */ = {isa = PBXBuildFile; fileRef = 8000D8E61EDD368F00D9E8FB /* ContentCloseChat.swift */; };
		8000D9431EDD369000D9E8FB /* ContentInvoice.swift in Sources */ = {isa = PBXBuildFile; fileRef = 8000D8E71EDD368F00D9E8FB /* ContentInvoice.swift */; };
		8000D9441EDD369000D9E8FB /* ContentInvoice.swift in Sources */ = {isa = PBXBuildFile; fileRef = 8000D8E71EDD368F00D9E8FB /* ContentInvoice.swift */; };
		8000D9451EDD369000D9E8FB /* ContentOfflineMessage.swift in Sources */ = {isa = PBXBuildFile; fileRef = 8000D8E81EDD368F00D9E8FB /* ContentOfflineMessage.swift */; };
		8000D9461EDD369000D9E8FB /* ContentOfflineMessage.swift in Sources */ = {isa = PBXBuildFile; fileRef = 8000D8E81EDD368F00D9E8FB /* ContentOfflineMessage.swift */; };
		8000D9471EDD369000D9E8FB /* ContentPlainText.swift in Sources */ = {isa = PBXBuildFile; fileRef = 8000D8E91EDD368F00D9E8FB /* ContentPlainText.swift */; };
		8000D9481EDD369000D9E8FB /* ContentPlainText.swift in Sources */ = {isa = PBXBuildFile; fileRef = 8000D8E91EDD368F00D9E8FB /* ContentPlainText.swift */; };
		8000D9491EDD369000D9E8FB /* ContentProduct.swift in Sources */ = {isa = PBXBuildFile; fileRef = 8000D8EA1EDD368F00D9E8FB /* ContentProduct.swift */; };
		8000D94A1EDD369000D9E8FB /* ContentProduct.swift in Sources */ = {isa = PBXBuildFile; fileRef = 8000D8EA1EDD368F00D9E8FB /* ContentProduct.swift */; };
		8000D94B1EDD369000D9E8FB /* ContentStatusUpdate.swift in Sources */ = {isa = PBXBuildFile; fileRef = 8000D8EB1EDD368F00D9E8FB /* ContentStatusUpdate.swift */; };
		8000D94C1EDD369000D9E8FB /* ContentStatusUpdate.swift in Sources */ = {isa = PBXBuildFile; fileRef = 8000D8EB1EDD368F00D9E8FB /* ContentStatusUpdate.swift */; };
		8000D94D1EDD369000D9E8FB /* ContentSticker.swift in Sources */ = {isa = PBXBuildFile; fileRef = 8000D8EC1EDD368F00D9E8FB /* ContentSticker.swift */; };
		8000D94E1EDD369000D9E8FB /* ContentSticker.swift in Sources */ = {isa = PBXBuildFile; fileRef = 8000D8EC1EDD368F00D9E8FB /* ContentSticker.swift */; };
		8000D94F1EDD369000D9E8FB /* ContentTyping.swift in Sources */ = {isa = PBXBuildFile; fileRef = 8000D8ED1EDD368F00D9E8FB /* ContentTyping.swift */; };
		8000D9501EDD369000D9E8FB /* ContentTyping.swift in Sources */ = {isa = PBXBuildFile; fileRef = 8000D8ED1EDD368F00D9E8FB /* ContentTyping.swift */; };
		8000D9511EDD369000D9E8FB /* Message.swift in Sources */ = {isa = PBXBuildFile; fileRef = 8000D8EE1EDD368F00D9E8FB /* Message.swift */; };
		8000D9521EDD369000D9E8FB /* Message.swift in Sources */ = {isa = PBXBuildFile; fileRef = 8000D8EE1EDD368F00D9E8FB /* Message.swift */; };
		8000D9531EDD369000D9E8FB /* MessageSender.swift in Sources */ = {isa = PBXBuildFile; fileRef = 8000D8EF1EDD368F00D9E8FB /* MessageSender.swift */; };
		8000D9541EDD369000D9E8FB /* MessageSender.swift in Sources */ = {isa = PBXBuildFile; fileRef = 8000D8EF1EDD368F00D9E8FB /* MessageSender.swift */; };
		8000D9551EDD369000D9E8FB /* MessageUser.swift in Sources */ = {isa = PBXBuildFile; fileRef = 8000D8F01EDD368F00D9E8FB /* MessageUser.swift */; };
		8000D9561EDD369000D9E8FB /* MessageUser.swift in Sources */ = {isa = PBXBuildFile; fileRef = 8000D8F01EDD368F00D9E8FB /* MessageUser.swift */; };
		8000D9571EDD369000D9E8FB /* Settings.swift in Sources */ = {isa = PBXBuildFile; fileRef = 8000D8F11EDD368F00D9E8FB /* Settings.swift */; };
		8000D9581EDD369000D9E8FB /* Settings.swift in Sources */ = {isa = PBXBuildFile; fileRef = 8000D8F11EDD368F00D9E8FB /* Settings.swift */; };
		8000D9591EDD369000D9E8FB /* UploadURL.swift in Sources */ = {isa = PBXBuildFile; fileRef = 8000D8F21EDD368F00D9E8FB /* UploadURL.swift */; };
		8000D95A1EDD369000D9E8FB /* UploadURL.swift in Sources */ = {isa = PBXBuildFile; fileRef = 8000D8F21EDD368F00D9E8FB /* UploadURL.swift */; };
		8000D95B1EDD369000D9E8FB /* ConnectResponse.swift in Sources */ = {isa = PBXBuildFile; fileRef = 8000D8F41EDD368F00D9E8FB /* ConnectResponse.swift */; };
		8000D95C1EDD369000D9E8FB /* ConnectResponse.swift in Sources */ = {isa = PBXBuildFile; fileRef = 8000D8F41EDD368F00D9E8FB /* ConnectResponse.swift */; };
		8000D95D1EDD369000D9E8FB /* MQTT.swift in Sources */ = {isa = PBXBuildFile; fileRef = 8000D8F51EDD368F00D9E8FB /* MQTT.swift */; };
		8000D95E1EDD369000D9E8FB /* MQTT.swift in Sources */ = {isa = PBXBuildFile; fileRef = 8000D8F51EDD368F00D9E8FB /* MQTT.swift */; };
		8000D95F1EDD369000D9E8FB /* OAuth.swift in Sources */ = {isa = PBXBuildFile; fileRef = 8000D8F61EDD368F00D9E8FB /* OAuth.swift */; };
		8000D9601EDD369000D9E8FB /* OAuth.swift in Sources */ = {isa = PBXBuildFile; fileRef = 8000D8F61EDD368F00D9E8FB /* OAuth.swift */; };
		8000D9611EDD369000D9E8FB /* Visitor.swift in Sources */ = {isa = PBXBuildFile; fileRef = 8000D8F71EDD368F00D9E8FB /* Visitor.swift */; };
		8000D9621EDD369000D9E8FB /* Visitor.swift in Sources */ = {isa = PBXBuildFile; fileRef = 8000D8F71EDD368F00D9E8FB /* Visitor.swift */; };
		8000D9631EDD369000D9E8FB /* Network.swift in Sources */ = {isa = PBXBuildFile; fileRef = 8000D8F91EDD368F00D9E8FB /* Network.swift */; };
		8000D9641EDD369000D9E8FB /* Network.swift in Sources */ = {isa = PBXBuildFile; fileRef = 8000D8F91EDD368F00D9E8FB /* Network.swift */; };
		8000D9651EDD369000D9E8FB /* EndPoint.swift in Sources */ = {isa = PBXBuildFile; fileRef = 8000D8FB1EDD368F00D9E8FB /* EndPoint.swift */; };
		8000D9661EDD369000D9E8FB /* EndPoint.swift in Sources */ = {isa = PBXBuildFile; fileRef = 8000D8FB1EDD368F00D9E8FB /* EndPoint.swift */; };
		8000D9671EDD369000D9E8FB /* Mappable.swift in Sources */ = {isa = PBXBuildFile; fileRef = 8000D8FC1EDD368F00D9E8FB /* Mappable.swift */; };
		8000D9681EDD369000D9E8FB /* Mappable.swift in Sources */ = {isa = PBXBuildFile; fileRef = 8000D8FC1EDD368F00D9E8FB /* Mappable.swift */; };
		8000D9691EDD369000D9E8FB /* NetworkProtocol.swift in Sources */ = {isa = PBXBuildFile; fileRef = 8000D8FD1EDD368F00D9E8FB /* NetworkProtocol.swift */; };
		8000D96A1EDD369000D9E8FB /* NetworkProtocol.swift in Sources */ = {isa = PBXBuildFile; fileRef = 8000D8FD1EDD368F00D9E8FB /* NetworkProtocol.swift */; };
		8000D96B1EDD369000D9E8FB /* PrismCoreDelegate.swift in Sources */ = {isa = PBXBuildFile; fileRef = 8000D8FE1EDD368F00D9E8FB /* PrismCoreDelegate.swift */; };
		8000D96C1EDD369000D9E8FB /* PrismCoreDelegate.swift in Sources */ = {isa = PBXBuildFile; fileRef = 8000D8FE1EDD368F00D9E8FB /* PrismCoreDelegate.swift */; };
		8000D96D1EDD369000D9E8FB /* MQTTConnAckPacket.swift in Sources */ = {isa = PBXBuildFile; fileRef = 8000D9021EDD368F00D9E8FB /* MQTTConnAckPacket.swift */; };
		8000D96E1EDD369000D9E8FB /* MQTTConnAckPacket.swift in Sources */ = {isa = PBXBuildFile; fileRef = 8000D9021EDD368F00D9E8FB /* MQTTConnAckPacket.swift */; };
		8000D96F1EDD369000D9E8FB /* MQTTConnectPacket.swift in Sources */ = {isa = PBXBuildFile; fileRef = 8000D9031EDD368F00D9E8FB /* MQTTConnectPacket.swift */; };
		8000D9701EDD369000D9E8FB /* MQTTConnectPacket.swift in Sources */ = {isa = PBXBuildFile; fileRef = 8000D9031EDD368F00D9E8FB /* MQTTConnectPacket.swift */; };
		8000D9711EDD369000D9E8FB /* MQTTDisconnectPacket.swift in Sources */ = {isa = PBXBuildFile; fileRef = 8000D9041EDD368F00D9E8FB /* MQTTDisconnectPacket.swift */; };
		8000D9721EDD369000D9E8FB /* MQTTDisconnectPacket.swift in Sources */ = {isa = PBXBuildFile; fileRef = 8000D9041EDD368F00D9E8FB /* MQTTDisconnectPacket.swift */; };
		8000D9731EDD369000D9E8FB /* MQTTPacket.swift in Sources */ = {isa = PBXBuildFile; fileRef = 8000D9051EDD368F00D9E8FB /* MQTTPacket.swift */; };
		8000D9741EDD369000D9E8FB /* MQTTPacket.swift in Sources */ = {isa = PBXBuildFile; fileRef = 8000D9051EDD368F00D9E8FB /* MQTTPacket.swift */; };
		8000D9751EDD369000D9E8FB /* MQTTPacketFixedHeader.swift in Sources */ = {isa = PBXBuildFile; fileRef = 8000D9061EDD368F00D9E8FB /* MQTTPacketFixedHeader.swift */; };
		8000D9761EDD369000D9E8FB /* MQTTPacketFixedHeader.swift in Sources */ = {isa = PBXBuildFile; fileRef = 8000D9061EDD368F00D9E8FB /* MQTTPacketFixedHeader.swift */; };
		8000D9771EDD369000D9E8FB /* MQTTPingPacket.swift in Sources */ = {isa = PBXBuildFile; fileRef = 8000D9071EDD368F00D9E8FB /* MQTTPingPacket.swift */; };
		8000D9781EDD369000D9E8FB /* MQTTPingPacket.swift in Sources */ = {isa = PBXBuildFile; fileRef = 8000D9071EDD368F00D9E8FB /* MQTTPingPacket.swift */; };
		8000D9791EDD369000D9E8FB /* MQTTPingResp.swift in Sources */ = {isa = PBXBuildFile; fileRef = 8000D9081EDD368F00D9E8FB /* MQTTPingResp.swift */; };
		8000D97A1EDD369000D9E8FB /* MQTTPingResp.swift in Sources */ = {isa = PBXBuildFile; fileRef = 8000D9081EDD368F00D9E8FB /* MQTTPingResp.swift */; };
		8000D97B1EDD369000D9E8FB /* MQTTPubAck.swift in Sources */ = {isa = PBXBuildFile; fileRef = 8000D9091EDD368F00D9E8FB /* MQTTPubAck.swift */; };
		8000D97C1EDD369000D9E8FB /* MQTTPubAck.swift in Sources */ = {isa = PBXBuildFile; fileRef = 8000D9091EDD368F00D9E8FB /* MQTTPubAck.swift */; };
		8000D97D1EDD369000D9E8FB /* MQTTPublishPacket.swift in Sources */ = {isa = PBXBuildFile; fileRef = 8000D90A1EDD368F00D9E8FB /* MQTTPublishPacket.swift */; };
		8000D97E1EDD369000D9E8FB /* MQTTPublishPacket.swift in Sources */ = {isa = PBXBuildFile; fileRef = 8000D90A1EDD368F00D9E8FB /* MQTTPublishPacket.swift */; };
		8000D97F1EDD369000D9E8FB /* MQTTPubMsg.swift in Sources */ = {isa = PBXBuildFile; fileRef = 8000D90B1EDD368F00D9E8FB /* MQTTPubMsg.swift */; };
		8000D9801EDD369000D9E8FB /* MQTTPubMsg.swift in Sources */ = {isa = PBXBuildFile; fileRef = 8000D90B1EDD368F00D9E8FB /* MQTTPubMsg.swift */; };
		8000D9811EDD369000D9E8FB /* MQTTSubAckPacket.swift in Sources */ = {isa = PBXBuildFile; fileRef = 8000D90C1EDD368F00D9E8FB /* MQTTSubAckPacket.swift */; };
		8000D9821EDD369000D9E8FB /* MQTTSubAckPacket.swift in Sources */ = {isa = PBXBuildFile; fileRef = 8000D90C1EDD368F00D9E8FB /* MQTTSubAckPacket.swift */; };
		8000D9831EDD369000D9E8FB /* MQTTSubPacket.swift in Sources */ = {isa = PBXBuildFile; fileRef = 8000D90D1EDD368F00D9E8FB /* MQTTSubPacket.swift */; };
		8000D9841EDD369000D9E8FB /* MQTTSubPacket.swift in Sources */ = {isa = PBXBuildFile; fileRef = 8000D90D1EDD368F00D9E8FB /* MQTTSubPacket.swift */; };
		8000D9851EDD369000D9E8FB /* MQTTUnSubAckPacket.swift in Sources */ = {isa = PBXBuildFile; fileRef = 8000D90E1EDD368F00D9E8FB /* MQTTUnSubAckPacket.swift */; };
		8000D9861EDD369000D9E8FB /* MQTTUnSubAckPacket.swift in Sources */ = {isa = PBXBuildFile; fileRef = 8000D90E1EDD368F00D9E8FB /* MQTTUnSubAckPacket.swift */; };
		8000D9871EDD369000D9E8FB /* MQTTUnsubPacket.swift in Sources */ = {isa = PBXBuildFile; fileRef = 8000D90F1EDD368F00D9E8FB /* MQTTUnsubPacket.swift */; };
		8000D9881EDD369000D9E8FB /* MQTTUnsubPacket.swift in Sources */ = {isa = PBXBuildFile; fileRef = 8000D90F1EDD368F00D9E8FB /* MQTTUnsubPacket.swift */; };
		8000D9891EDD369000D9E8FB /* MQTTExtensions.swift in Sources */ = {isa = PBXBuildFile; fileRef = 8000D9101EDD368F00D9E8FB /* MQTTExtensions.swift */; };
		8000D98A1EDD369000D9E8FB /* MQTTExtensions.swift in Sources */ = {isa = PBXBuildFile; fileRef = 8000D9101EDD368F00D9E8FB /* MQTTExtensions.swift */; };
		8000D98B1EDD369000D9E8FB /* MQTTSession.swift in Sources */ = {isa = PBXBuildFile; fileRef = 8000D9111EDD368F00D9E8FB /* MQTTSession.swift */; };
		8000D98C1EDD369000D9E8FB /* MQTTSession.swift in Sources */ = {isa = PBXBuildFile; fileRef = 8000D9111EDD368F00D9E8FB /* MQTTSession.swift */; };
		8000D98D1EDD369000D9E8FB /* MQTTSessionStreamDelegate.swift in Sources */ = {isa = PBXBuildFile; fileRef = 8000D9121EDD368F00D9E8FB /* MQTTSessionStreamDelegate.swift */; };
		8000D98E1EDD369000D9E8FB /* MQTTSessionStreamDelegate.swift in Sources */ = {isa = PBXBuildFile; fileRef = 8000D9121EDD368F00D9E8FB /* MQTTSessionStreamDelegate.swift */; };
		8000D9921EDD36B400D9E8FB /* JSONResponseMock.swift in Sources */ = {isa = PBXBuildFile; fileRef = 8000D9901EDD36B400D9E8FB /* JSONResponseMock.swift */; };
		8000D9931EDD36B400D9E8FB /* JSONResponseMock.swift in Sources */ = {isa = PBXBuildFile; fileRef = 8000D9901EDD36B400D9E8FB /* JSONResponseMock.swift */; };
		8000D9941EDD36B400D9E8FB /* NetworkMock.swift in Sources */ = {isa = PBXBuildFile; fileRef = 8000D9911EDD36B400D9E8FB /* NetworkMock.swift */; };
		8000D9951EDD36B400D9E8FB /* NetworkMock.swift in Sources */ = {isa = PBXBuildFile; fileRef = 8000D9911EDD36B400D9E8FB /* NetworkMock.swift */; };
		800FD4241ED5293F00BE13CD /* PrismCore.swift in Sources */ = {isa = PBXBuildFile; fileRef = 800FD4231ED5293F00BE13CD /* PrismCore.swift */; };
		800FD4251ED5293F00BE13CD /* PrismCore.swift in Sources */ = {isa = PBXBuildFile; fileRef = 800FD4231ED5293F00BE13CD /* PrismCore.swift */; };
		80564C461ED5289D00BDA006 /* PrismCore.framework in Frameworks */ = {isa = PBXBuildFile; fileRef = 80564C3C1ED5289D00BDA006 /* PrismCore.framework */; };
		80564C4B1ED5289D00BDA006 /* PrismCoreTests.swift in Sources */ = {isa = PBXBuildFile; fileRef = 80564C4A1ED5289D00BDA006 /* PrismCoreTests.swift */; };
		80564C4D1ED5289D00BDA006 /* PrismCore.h in Headers */ = {isa = PBXBuildFile; fileRef = 80564C3F1ED5289D00BDA006 /* PrismCore.h */; settings = {ATTRIBUTES = (Public, ); }; };
		E5C07FD41EDEBB0700CA486B /* tshirt.jpg in Resources */ = {isa = PBXBuildFile; fileRef = E5C07FD31EDEBB0700CA486B /* tshirt.jpg */; };
		8091EA871EDEACBE007E43B0 /* RefreshTokenEndPoint.swift in Sources */ = {isa = PBXBuildFile; fileRef = 8091EA861EDEACBE007E43B0 /* RefreshTokenEndPoint.swift */; };
		8091EA881EDEACBE007E43B0 /* RefreshTokenEndPoint.swift in Sources */ = {isa = PBXBuildFile; fileRef = 8091EA861EDEACBE007E43B0 /* RefreshTokenEndPoint.swift */; };
		8091EA8A1EDEAFB0007E43B0 /* RefreshTokenResponse.swift in Sources */ = {isa = PBXBuildFile; fileRef = 8091EA891EDEAFB0007E43B0 /* RefreshTokenResponse.swift */; };
		8091EA8B1EDEAFB0007E43B0 /* RefreshTokenResponse.swift in Sources */ = {isa = PBXBuildFile; fileRef = 8091EA891EDEAFB0007E43B0 /* RefreshTokenResponse.swift */; };
/* End PBXBuildFile section */

/* Begin PBXContainerItemProxy section */
		80564C471ED5289D00BDA006 /* PBXContainerItemProxy */ = {
			isa = PBXContainerItemProxy;
			containerPortal = 80564C331ED5289D00BDA006 /* Project object */;
			proxyType = 1;
			remoteGlobalIDString = 80564C3B1ED5289D00BDA006;
			remoteInfo = PrismCore;
		};
/* End PBXContainerItemProxy section */

/* Begin PBXFileReference section */
		8000D8C81EDD368F00D9E8FB /* Config.swift */ = {isa = PBXFileReference; fileEncoding = 4; lastKnownFileType = sourcecode.swift; path = Config.swift; sourceTree = "<group>"; };
		8000D8CA1EDD368F00D9E8FB /* CreateConversationEndPoint.swift */ = {isa = PBXFileReference; fileEncoding = 4; lastKnownFileType = sourcecode.swift; path = CreateConversationEndPoint.swift; sourceTree = "<group>"; };
		8000D8CB1EDD368F00D9E8FB /* GetAttachmentURLEndPoint.swift */ = {isa = PBXFileReference; fileEncoding = 4; lastKnownFileType = sourcecode.swift; path = GetAttachmentURLEndPoint.swift; sourceTree = "<group>"; };
		8000D8CC1EDD368F00D9E8FB /* GetConversationHistoryEndPoint.swift */ = {isa = PBXFileReference; fileEncoding = 4; lastKnownFileType = sourcecode.swift; path = GetConversationHistoryEndPoint.swift; sourceTree = "<group>"; };
		8000D8CD1EDD368F00D9E8FB /* GetSettingsEndPoint.swift */ = {isa = PBXFileReference; fileEncoding = 4; lastKnownFileType = sourcecode.swift; path = GetSettingsEndPoint.swift; sourceTree = "<group>"; };
		8000D8CE1EDD368F00D9E8FB /* GetStickersEndPoint.swift */ = {isa = PBXFileReference; fileEncoding = 4; lastKnownFileType = sourcecode.swift; path = GetStickersEndPoint.swift; sourceTree = "<group>"; };
		8000D8CF1EDD368F00D9E8FB /* VisitorConnectEndPoint.swift */ = {isa = PBXFileReference; fileEncoding = 4; lastKnownFileType = sourcecode.swift; path = VisitorConnectEndPoint.swift; sourceTree = "<group>"; };
		8000D8D11EDD368F00D9E8FB /* Date.swift */ = {isa = PBXFileReference; fileEncoding = 4; lastKnownFileType = sourcecode.swift; path = Date.swift; sourceTree = "<group>"; };
		8000D8D21EDD368F00D9E8FB /* String.swift */ = {isa = PBXFileReference; fileEncoding = 4; lastKnownFileType = sourcecode.swift; path = String.swift; sourceTree = "<group>"; };
		8000D8D31EDD368F00D9E8FB /* URL.swift */ = {isa = PBXFileReference; fileEncoding = 4; lastKnownFileType = sourcecode.swift; path = URL.swift; sourceTree = "<group>"; };
		8000D8D61EDD368F00D9E8FB /* Sticker.swift */ = {isa = PBXFileReference; fileEncoding = 4; lastKnownFileType = sourcecode.swift; lineEnding = 0; path = Sticker.swift; sourceTree = "<group>"; xcLanguageSpecificationIdentifier = xcode.lang.swift; };
		8000D8D71EDD368F00D9E8FB /* StickerPack.swift */ = {isa = PBXFileReference; fileEncoding = 4; lastKnownFileType = sourcecode.swift; lineEnding = 0; path = StickerPack.swift; sourceTree = "<group>"; xcLanguageSpecificationIdentifier = xcode.lang.swift; };
		8000D8D81EDD368F00D9E8FB /* StickerResponse.swift */ = {isa = PBXFileReference; fileEncoding = 4; lastKnownFileType = sourcecode.swift; lineEnding = 0; path = StickerResponse.swift; sourceTree = "<group>"; xcLanguageSpecificationIdentifier = xcode.lang.swift; };
		8000D8DA1EDD368F00D9E8FB /* Conversation.swift */ = {isa = PBXFileReference; fileEncoding = 4; lastKnownFileType = sourcecode.swift; lineEnding = 0; path = Conversation.swift; sourceTree = "<group>"; xcLanguageSpecificationIdentifier = xcode.lang.swift; };
		8000D8DB1EDD368F00D9E8FB /* ConversationHistory.swift */ = {isa = PBXFileReference; fileEncoding = 4; lastKnownFileType = sourcecode.swift; lineEnding = 0; path = ConversationHistory.swift; sourceTree = "<group>"; xcLanguageSpecificationIdentifier = xcode.lang.swift; };
		8000D8DC1EDD368F00D9E8FB /* ConversationParticipant.swift */ = {isa = PBXFileReference; fileEncoding = 4; lastKnownFileType = sourcecode.swift; lineEnding = 0; path = ConversationParticipant.swift; sourceTree = "<group>"; xcLanguageSpecificationIdentifier = xcode.lang.swift; };
		8000D8DD1EDD368F00D9E8FB /* ConversationVisitor.swift */ = {isa = PBXFileReference; fileEncoding = 4; lastKnownFileType = sourcecode.swift; lineEnding = 0; path = ConversationVisitor.swift; sourceTree = "<group>"; xcLanguageSpecificationIdentifier = xcode.lang.swift; };
		8000D8DE1EDD368F00D9E8FB /* CreateConversationResponse.swift */ = {isa = PBXFileReference; fileEncoding = 4; lastKnownFileType = sourcecode.swift; lineEnding = 0; path = CreateConversationResponse.swift; sourceTree = "<group>"; xcLanguageSpecificationIdentifier = xcode.lang.swift; };
		8000D8E01EDD368F00D9E8FB /* BrokerMetaData.swift */ = {isa = PBXFileReference; fileEncoding = 4; lastKnownFileType = sourcecode.swift; lineEnding = 0; path = BrokerMetaData.swift; sourceTree = "<group>"; xcLanguageSpecificationIdentifier = xcode.lang.swift; };
		8000D8E21EDD368F00D9E8FB /* ContentAssignment.swift */ = {isa = PBXFileReference; fileEncoding = 4; lastKnownFileType = sourcecode.swift; lineEnding = 0; path = ContentAssignment.swift; sourceTree = "<group>"; xcLanguageSpecificationIdentifier = xcode.lang.swift; };
		8000D8E31EDD368F00D9E8FB /* ContentAttachment.swift */ = {isa = PBXFileReference; fileEncoding = 4; lastKnownFileType = sourcecode.swift; lineEnding = 0; path = ContentAttachment.swift; sourceTree = "<group>"; xcLanguageSpecificationIdentifier = xcode.lang.swift; };
		8000D8E41EDD368F00D9E8FB /* ContentAutoResponder.swift */ = {isa = PBXFileReference; fileEncoding = 4; lastKnownFileType = sourcecode.swift; lineEnding = 0; path = ContentAutoResponder.swift; sourceTree = "<group>"; xcLanguageSpecificationIdentifier = xcode.lang.swift; };
		8000D8E51EDD368F00D9E8FB /* ContentCart.swift */ = {isa = PBXFileReference; fileEncoding = 4; lastKnownFileType = sourcecode.swift; lineEnding = 0; path = ContentCart.swift; sourceTree = "<group>"; xcLanguageSpecificationIdentifier = xcode.lang.swift; };
		8000D8E61EDD368F00D9E8FB /* ContentCloseChat.swift */ = {isa = PBXFileReference; fileEncoding = 4; lastKnownFileType = sourcecode.swift; lineEnding = 0; path = ContentCloseChat.swift; sourceTree = "<group>"; xcLanguageSpecificationIdentifier = xcode.lang.swift; };
		8000D8E71EDD368F00D9E8FB /* ContentInvoice.swift */ = {isa = PBXFileReference; fileEncoding = 4; lastKnownFileType = sourcecode.swift; lineEnding = 0; path = ContentInvoice.swift; sourceTree = "<group>"; xcLanguageSpecificationIdentifier = xcode.lang.swift; };
		8000D8E81EDD368F00D9E8FB /* ContentOfflineMessage.swift */ = {isa = PBXFileReference; fileEncoding = 4; lastKnownFileType = sourcecode.swift; lineEnding = 0; path = ContentOfflineMessage.swift; sourceTree = "<group>"; xcLanguageSpecificationIdentifier = xcode.lang.swift; };
		8000D8E91EDD368F00D9E8FB /* ContentPlainText.swift */ = {isa = PBXFileReference; fileEncoding = 4; lastKnownFileType = sourcecode.swift; lineEnding = 0; path = ContentPlainText.swift; sourceTree = "<group>"; xcLanguageSpecificationIdentifier = xcode.lang.swift; };
		8000D8EA1EDD368F00D9E8FB /* ContentProduct.swift */ = {isa = PBXFileReference; fileEncoding = 4; lastKnownFileType = sourcecode.swift; lineEnding = 0; path = ContentProduct.swift; sourceTree = "<group>"; xcLanguageSpecificationIdentifier = xcode.lang.swift; };
		8000D8EB1EDD368F00D9E8FB /* ContentStatusUpdate.swift */ = {isa = PBXFileReference; fileEncoding = 4; lastKnownFileType = sourcecode.swift; lineEnding = 0; path = ContentStatusUpdate.swift; sourceTree = "<group>"; xcLanguageSpecificationIdentifier = xcode.lang.swift; };
		8000D8EC1EDD368F00D9E8FB /* ContentSticker.swift */ = {isa = PBXFileReference; fileEncoding = 4; lastKnownFileType = sourcecode.swift; lineEnding = 0; path = ContentSticker.swift; sourceTree = "<group>"; xcLanguageSpecificationIdentifier = xcode.lang.swift; };
		8000D8ED1EDD368F00D9E8FB /* ContentTyping.swift */ = {isa = PBXFileReference; fileEncoding = 4; lastKnownFileType = sourcecode.swift; lineEnding = 0; path = ContentTyping.swift; sourceTree = "<group>"; xcLanguageSpecificationIdentifier = xcode.lang.swift; };
		8000D8EE1EDD368F00D9E8FB /* Message.swift */ = {isa = PBXFileReference; fileEncoding = 4; lastKnownFileType = sourcecode.swift; lineEnding = 0; path = Message.swift; sourceTree = "<group>"; xcLanguageSpecificationIdentifier = xcode.lang.swift; };
		8000D8EF1EDD368F00D9E8FB /* MessageSender.swift */ = {isa = PBXFileReference; fileEncoding = 4; lastKnownFileType = sourcecode.swift; lineEnding = 0; path = MessageSender.swift; sourceTree = "<group>"; xcLanguageSpecificationIdentifier = xcode.lang.swift; };
		8000D8F01EDD368F00D9E8FB /* MessageUser.swift */ = {isa = PBXFileReference; fileEncoding = 4; lastKnownFileType = sourcecode.swift; lineEnding = 0; path = MessageUser.swift; sourceTree = "<group>"; xcLanguageSpecificationIdentifier = xcode.lang.swift; };
		8000D8F11EDD368F00D9E8FB /* Settings.swift */ = {isa = PBXFileReference; fileEncoding = 4; lastKnownFileType = sourcecode.swift; lineEnding = 0; path = Settings.swift; sourceTree = "<group>"; xcLanguageSpecificationIdentifier = xcode.lang.swift; };
		8000D8F21EDD368F00D9E8FB /* UploadURL.swift */ = {isa = PBXFileReference; fileEncoding = 4; lastKnownFileType = sourcecode.swift; lineEnding = 0; path = UploadURL.swift; sourceTree = "<group>"; xcLanguageSpecificationIdentifier = xcode.lang.swift; };
		8000D8F41EDD368F00D9E8FB /* ConnectResponse.swift */ = {isa = PBXFileReference; fileEncoding = 4; lastKnownFileType = sourcecode.swift; lineEnding = 0; path = ConnectResponse.swift; sourceTree = "<group>"; xcLanguageSpecificationIdentifier = xcode.lang.swift; };
		8000D8F51EDD368F00D9E8FB /* MQTT.swift */ = {isa = PBXFileReference; fileEncoding = 4; lastKnownFileType = sourcecode.swift; lineEnding = 0; path = MQTT.swift; sourceTree = "<group>"; xcLanguageSpecificationIdentifier = xcode.lang.swift; };
		8000D8F61EDD368F00D9E8FB /* OAuth.swift */ = {isa = PBXFileReference; fileEncoding = 4; lastKnownFileType = sourcecode.swift; lineEnding = 0; path = OAuth.swift; sourceTree = "<group>"; xcLanguageSpecificationIdentifier = xcode.lang.swift; };
		8000D8F71EDD368F00D9E8FB /* Visitor.swift */ = {isa = PBXFileReference; fileEncoding = 4; lastKnownFileType = sourcecode.swift; lineEnding = 0; path = Visitor.swift; sourceTree = "<group>"; xcLanguageSpecificationIdentifier = xcode.lang.swift; };
		8000D8F91EDD368F00D9E8FB /* Network.swift */ = {isa = PBXFileReference; fileEncoding = 4; lastKnownFileType = sourcecode.swift; path = Network.swift; sourceTree = "<group>"; };
		8000D8FB1EDD368F00D9E8FB /* EndPoint.swift */ = {isa = PBXFileReference; fileEncoding = 4; lastKnownFileType = sourcecode.swift; path = EndPoint.swift; sourceTree = "<group>"; };
		8000D8FC1EDD368F00D9E8FB /* Mappable.swift */ = {isa = PBXFileReference; fileEncoding = 4; lastKnownFileType = sourcecode.swift; path = Mappable.swift; sourceTree = "<group>"; };
		8000D8FD1EDD368F00D9E8FB /* NetworkProtocol.swift */ = {isa = PBXFileReference; fileEncoding = 4; lastKnownFileType = sourcecode.swift; path = NetworkProtocol.swift; sourceTree = "<group>"; };
		8000D8FE1EDD368F00D9E8FB /* PrismCoreDelegate.swift */ = {isa = PBXFileReference; fileEncoding = 4; lastKnownFileType = sourcecode.swift; path = PrismCoreDelegate.swift; sourceTree = "<group>"; };
		8000D9021EDD368F00D9E8FB /* MQTTConnAckPacket.swift */ = {isa = PBXFileReference; fileEncoding = 4; lastKnownFileType = sourcecode.swift; path = MQTTConnAckPacket.swift; sourceTree = "<group>"; };
		8000D9031EDD368F00D9E8FB /* MQTTConnectPacket.swift */ = {isa = PBXFileReference; fileEncoding = 4; lastKnownFileType = sourcecode.swift; path = MQTTConnectPacket.swift; sourceTree = "<group>"; };
		8000D9041EDD368F00D9E8FB /* MQTTDisconnectPacket.swift */ = {isa = PBXFileReference; fileEncoding = 4; lastKnownFileType = sourcecode.swift; path = MQTTDisconnectPacket.swift; sourceTree = "<group>"; };
		8000D9051EDD368F00D9E8FB /* MQTTPacket.swift */ = {isa = PBXFileReference; fileEncoding = 4; lastKnownFileType = sourcecode.swift; path = MQTTPacket.swift; sourceTree = "<group>"; };
		8000D9061EDD368F00D9E8FB /* MQTTPacketFixedHeader.swift */ = {isa = PBXFileReference; fileEncoding = 4; lastKnownFileType = sourcecode.swift; path = MQTTPacketFixedHeader.swift; sourceTree = "<group>"; };
		8000D9071EDD368F00D9E8FB /* MQTTPingPacket.swift */ = {isa = PBXFileReference; fileEncoding = 4; lastKnownFileType = sourcecode.swift; path = MQTTPingPacket.swift; sourceTree = "<group>"; };
		8000D9081EDD368F00D9E8FB /* MQTTPingResp.swift */ = {isa = PBXFileReference; fileEncoding = 4; lastKnownFileType = sourcecode.swift; path = MQTTPingResp.swift; sourceTree = "<group>"; };
		8000D9091EDD368F00D9E8FB /* MQTTPubAck.swift */ = {isa = PBXFileReference; fileEncoding = 4; lastKnownFileType = sourcecode.swift; path = MQTTPubAck.swift; sourceTree = "<group>"; };
		8000D90A1EDD368F00D9E8FB /* MQTTPublishPacket.swift */ = {isa = PBXFileReference; fileEncoding = 4; lastKnownFileType = sourcecode.swift; path = MQTTPublishPacket.swift; sourceTree = "<group>"; };
		8000D90B1EDD368F00D9E8FB /* MQTTPubMsg.swift */ = {isa = PBXFileReference; fileEncoding = 4; lastKnownFileType = sourcecode.swift; path = MQTTPubMsg.swift; sourceTree = "<group>"; };
		8000D90C1EDD368F00D9E8FB /* MQTTSubAckPacket.swift */ = {isa = PBXFileReference; fileEncoding = 4; lastKnownFileType = sourcecode.swift; path = MQTTSubAckPacket.swift; sourceTree = "<group>"; };
		8000D90D1EDD368F00D9E8FB /* MQTTSubPacket.swift */ = {isa = PBXFileReference; fileEncoding = 4; lastKnownFileType = sourcecode.swift; path = MQTTSubPacket.swift; sourceTree = "<group>"; };
		8000D90E1EDD368F00D9E8FB /* MQTTUnSubAckPacket.swift */ = {isa = PBXFileReference; fileEncoding = 4; lastKnownFileType = sourcecode.swift; path = MQTTUnSubAckPacket.swift; sourceTree = "<group>"; };
		8000D90F1EDD368F00D9E8FB /* MQTTUnsubPacket.swift */ = {isa = PBXFileReference; fileEncoding = 4; lastKnownFileType = sourcecode.swift; path = MQTTUnsubPacket.swift; sourceTree = "<group>"; };
		8000D9101EDD368F00D9E8FB /* MQTTExtensions.swift */ = {isa = PBXFileReference; fileEncoding = 4; lastKnownFileType = sourcecode.swift; path = MQTTExtensions.swift; sourceTree = "<group>"; };
		8000D9111EDD368F00D9E8FB /* MQTTSession.swift */ = {isa = PBXFileReference; fileEncoding = 4; lastKnownFileType = sourcecode.swift; path = MQTTSession.swift; sourceTree = "<group>"; };
		8000D9121EDD368F00D9E8FB /* MQTTSessionStreamDelegate.swift */ = {isa = PBXFileReference; fileEncoding = 4; lastKnownFileType = sourcecode.swift; path = MQTTSessionStreamDelegate.swift; sourceTree = "<group>"; };
		8000D9901EDD36B400D9E8FB /* JSONResponseMock.swift */ = {isa = PBXFileReference; fileEncoding = 4; lastKnownFileType = sourcecode.swift; path = JSONResponseMock.swift; sourceTree = "<group>"; };
		8000D9911EDD36B400D9E8FB /* NetworkMock.swift */ = {isa = PBXFileReference; fileEncoding = 4; lastKnownFileType = sourcecode.swift; path = NetworkMock.swift; sourceTree = "<group>"; };
		800FD4231ED5293F00BE13CD /* PrismCore.swift */ = {isa = PBXFileReference; fileEncoding = 4; lastKnownFileType = sourcecode.swift; path = PrismCore.swift; sourceTree = "<group>"; };
		80564C3C1ED5289D00BDA006 /* PrismCore.framework */ = {isa = PBXFileReference; explicitFileType = wrapper.framework; includeInIndex = 0; path = PrismCore.framework; sourceTree = BUILT_PRODUCTS_DIR; };
		80564C3F1ED5289D00BDA006 /* PrismCore.h */ = {isa = PBXFileReference; lastKnownFileType = sourcecode.c.h; path = PrismCore.h; sourceTree = "<group>"; };
		80564C401ED5289D00BDA006 /* Info.plist */ = {isa = PBXFileReference; lastKnownFileType = text.plist.xml; path = Info.plist; sourceTree = "<group>"; };
		80564C451ED5289D00BDA006 /* PrismCoreTests.xctest */ = {isa = PBXFileReference; explicitFileType = wrapper.cfbundle; includeInIndex = 0; path = PrismCoreTests.xctest; sourceTree = BUILT_PRODUCTS_DIR; };
		80564C4A1ED5289D00BDA006 /* PrismCoreTests.swift */ = {isa = PBXFileReference; lastKnownFileType = sourcecode.swift; path = PrismCoreTests.swift; sourceTree = "<group>"; };
		80564C4C1ED5289D00BDA006 /* Info.plist */ = {isa = PBXFileReference; lastKnownFileType = text.plist.xml; path = Info.plist; sourceTree = "<group>"; };
		E5C07FD31EDEBB0700CA486B /* tshirt.jpg */ = {isa = PBXFileReference; lastKnownFileType = image.jpeg; path = tshirt.jpg; sourceTree = "<group>"; };
		8091EA861EDEACBE007E43B0 /* RefreshTokenEndPoint.swift */ = {isa = PBXFileReference; fileEncoding = 4; lastKnownFileType = sourcecode.swift; path = RefreshTokenEndPoint.swift; sourceTree = "<group>"; };
		8091EA891EDEAFB0007E43B0 /* RefreshTokenResponse.swift */ = {isa = PBXFileReference; fileEncoding = 4; lastKnownFileType = sourcecode.swift; path = RefreshTokenResponse.swift; sourceTree = "<group>"; };

/* End PBXFileReference section */

/* Begin PBXFrameworksBuildPhase section */
		80564C381ED5289D00BDA006 /* Frameworks */ = {
			isa = PBXFrameworksBuildPhase;
			buildActionMask = 2147483647;
			files = (
			);
			runOnlyForDeploymentPostprocessing = 0;
		};
		80564C421ED5289D00BDA006 /* Frameworks */ = {
			isa = PBXFrameworksBuildPhase;
			buildActionMask = 2147483647;
			files = (
				80564C461ED5289D00BDA006 /* PrismCore.framework in Frameworks */,
			);
			runOnlyForDeploymentPostprocessing = 0;
		};
/* End PBXFrameworksBuildPhase section */

/* Begin PBXGroup section */
		8000D8C71EDD368F00D9E8FB /* Configuration */ = {
			isa = PBXGroup;
			children = (
				8000D8C81EDD368F00D9E8FB /* Config.swift */,
			);
			path = Configuration;
			sourceTree = "<group>";
		};
		8000D8C91EDD368F00D9E8FB /* EndPoint */ = {
			isa = PBXGroup;
			children = (
				8000D8CA1EDD368F00D9E8FB /* CreateConversationEndPoint.swift */,
				8000D8CB1EDD368F00D9E8FB /* GetAttachmentURLEndPoint.swift */,
				8000D8CC1EDD368F00D9E8FB /* GetConversationHistoryEndPoint.swift */,
				8000D8CD1EDD368F00D9E8FB /* GetSettingsEndPoint.swift */,
				8000D8CE1EDD368F00D9E8FB /* GetStickersEndPoint.swift */,
				8000D8CF1EDD368F00D9E8FB /* VisitorConnectEndPoint.swift */,
				8091EA861EDEACBE007E43B0 /* RefreshTokenEndPoint.swift */,
			);
			path = EndPoint;
			sourceTree = "<group>";
		};
		8000D8D01EDD368F00D9E8FB /* Extension */ = {
			isa = PBXGroup;
			children = (
				8000D8D11EDD368F00D9E8FB /* Date.swift */,
				8000D8D21EDD368F00D9E8FB /* String.swift */,
				8000D8D31EDD368F00D9E8FB /* URL.swift */,
			);
			path = Extension;
			sourceTree = "<group>";
		};
		8000D8D41EDD368F00D9E8FB /* Model */ = {
			isa = PBXGroup;
			children = (
				8000D8D51EDD368F00D9E8FB /* Conversation */,
				8000D8D91EDD368F00D9E8FB /* CreateConversation */,
				8000D8DF1EDD368F00D9E8FB /* Message */,
				8000D8F11EDD368F00D9E8FB /* Settings.swift */,
				8000D8F21EDD368F00D9E8FB /* UploadURL.swift */,
				8000D8F31EDD368F00D9E8FB /* VisitorConnect */,
				8091EA891EDEAFB0007E43B0 /* RefreshTokenResponse.swift */,
			);
			path = Model;
			sourceTree = "<group>";
		};
		8000D8D51EDD368F00D9E8FB /* Conversation */ = {
			isa = PBXGroup;
			children = (
				8000D8D61EDD368F00D9E8FB /* Sticker.swift */,
				8000D8D71EDD368F00D9E8FB /* StickerPack.swift */,
				8000D8D81EDD368F00D9E8FB /* StickerResponse.swift */,
			);
			path = Conversation;
			sourceTree = "<group>";
		};
		8000D8D91EDD368F00D9E8FB /* CreateConversation */ = {
			isa = PBXGroup;
			children = (
				8000D8DA1EDD368F00D9E8FB /* Conversation.swift */,
				8000D8DB1EDD368F00D9E8FB /* ConversationHistory.swift */,
				8000D8DC1EDD368F00D9E8FB /* ConversationParticipant.swift */,
				8000D8DD1EDD368F00D9E8FB /* ConversationVisitor.swift */,
				8000D8DE1EDD368F00D9E8FB /* CreateConversationResponse.swift */,
			);
			path = CreateConversation;
			sourceTree = "<group>";
		};
		8000D8DF1EDD368F00D9E8FB /* Message */ = {
			isa = PBXGroup;
			children = (
				8000D8E01EDD368F00D9E8FB /* BrokerMetaData.swift */,
				8000D8E11EDD368F00D9E8FB /* ContentType */,
				8000D8EE1EDD368F00D9E8FB /* Message.swift */,
				8000D8EF1EDD368F00D9E8FB /* MessageSender.swift */,
				8000D8F01EDD368F00D9E8FB /* MessageUser.swift */,
			);
			path = Message;
			sourceTree = "<group>";
		};
		8000D8E11EDD368F00D9E8FB /* ContentType */ = {
			isa = PBXGroup;
			children = (
				8000D8E21EDD368F00D9E8FB /* ContentAssignment.swift */,
				8000D8E31EDD368F00D9E8FB /* ContentAttachment.swift */,
				8000D8E41EDD368F00D9E8FB /* ContentAutoResponder.swift */,
				8000D8E51EDD368F00D9E8FB /* ContentCart.swift */,
				8000D8E61EDD368F00D9E8FB /* ContentCloseChat.swift */,
				8000D8E71EDD368F00D9E8FB /* ContentInvoice.swift */,
				8000D8E81EDD368F00D9E8FB /* ContentOfflineMessage.swift */,
				8000D8E91EDD368F00D9E8FB /* ContentPlainText.swift */,
				8000D8EA1EDD368F00D9E8FB /* ContentProduct.swift */,
				8000D8EB1EDD368F00D9E8FB /* ContentStatusUpdate.swift */,
				8000D8EC1EDD368F00D9E8FB /* ContentSticker.swift */,
				8000D8ED1EDD368F00D9E8FB /* ContentTyping.swift */,
			);
			path = ContentType;
			sourceTree = "<group>";
		};
		8000D8F31EDD368F00D9E8FB /* VisitorConnect */ = {
			isa = PBXGroup;
			children = (
				8000D8F41EDD368F00D9E8FB /* ConnectResponse.swift */,
				8000D8F51EDD368F00D9E8FB /* MQTT.swift */,
				8000D8F61EDD368F00D9E8FB /* OAuth.swift */,
				8000D8F71EDD368F00D9E8FB /* Visitor.swift */,
			);
			path = VisitorConnect;
			sourceTree = "<group>";
		};
		8000D8F81EDD368F00D9E8FB /* Networking */ = {
			isa = PBXGroup;
			children = (
				8000D8F91EDD368F00D9E8FB /* Network.swift */,
			);
			path = Networking;
			sourceTree = "<group>";
		};
		8000D8FA1EDD368F00D9E8FB /* Protocol */ = {
			isa = PBXGroup;
			children = (
				8000D8FB1EDD368F00D9E8FB /* EndPoint.swift */,
				8000D8FC1EDD368F00D9E8FB /* Mappable.swift */,
				8000D8FD1EDD368F00D9E8FB /* NetworkProtocol.swift */,
				8000D8FE1EDD368F00D9E8FB /* PrismCoreDelegate.swift */,
			);
			path = Protocol;
			sourceTree = "<group>";
		};
		8000D8FF1EDD368F00D9E8FB /* Vendor */ = {
			isa = PBXGroup;
			children = (
				8000D9001EDD368F00D9E8FB /* SwiftMQTT */,
			);
			path = Vendor;
			sourceTree = "<group>";
		};
		8000D9001EDD368F00D9E8FB /* SwiftMQTT */ = {
			isa = PBXGroup;
			children = (
				8000D9011EDD368F00D9E8FB /* Models */,
				8000D9101EDD368F00D9E8FB /* MQTTExtensions.swift */,
				8000D9111EDD368F00D9E8FB /* MQTTSession.swift */,
				8000D9121EDD368F00D9E8FB /* MQTTSessionStreamDelegate.swift */,
			);
			path = SwiftMQTT;
			sourceTree = "<group>";
		};
		8000D9011EDD368F00D9E8FB /* Models */ = {
			isa = PBXGroup;
			children = (
				8000D9021EDD368F00D9E8FB /* MQTTConnAckPacket.swift */,
				8000D9031EDD368F00D9E8FB /* MQTTConnectPacket.swift */,
				8000D9041EDD368F00D9E8FB /* MQTTDisconnectPacket.swift */,
				8000D9051EDD368F00D9E8FB /* MQTTPacket.swift */,
				8000D9061EDD368F00D9E8FB /* MQTTPacketFixedHeader.swift */,
				8000D9071EDD368F00D9E8FB /* MQTTPingPacket.swift */,
				8000D9081EDD368F00D9E8FB /* MQTTPingResp.swift */,
				8000D9091EDD368F00D9E8FB /* MQTTPubAck.swift */,
				8000D90A1EDD368F00D9E8FB /* MQTTPublishPacket.swift */,
				8000D90B1EDD368F00D9E8FB /* MQTTPubMsg.swift */,
				8000D90C1EDD368F00D9E8FB /* MQTTSubAckPacket.swift */,
				8000D90D1EDD368F00D9E8FB /* MQTTSubPacket.swift */,
				8000D90E1EDD368F00D9E8FB /* MQTTUnSubAckPacket.swift */,
				8000D90F1EDD368F00D9E8FB /* MQTTUnsubPacket.swift */,
			);
			path = Models;
			sourceTree = "<group>";
		};
		80564C321ED5289D00BDA006 = {
			isa = PBXGroup;
			children = (
				80564C3E1ED5289D00BDA006 /* PrismCore */,
				80564C491ED5289D00BDA006 /* PrismCoreTests */,
				80564C3D1ED5289D00BDA006 /* Products */,
			);
			sourceTree = "<group>";
		};
		80564C3D1ED5289D00BDA006 /* Products */ = {
			isa = PBXGroup;
			children = (
				80564C3C1ED5289D00BDA006 /* PrismCore.framework */,
				80564C451ED5289D00BDA006 /* PrismCoreTests.xctest */,
			);
			name = Products;
			sourceTree = "<group>";
		};
		80564C3E1ED5289D00BDA006 /* PrismCore */ = {
			isa = PBXGroup;
			children = (
				8000D8C71EDD368F00D9E8FB /* Configuration */,
				8000D8C91EDD368F00D9E8FB /* EndPoint */,
				8000D8D01EDD368F00D9E8FB /* Extension */,
				8000D8D41EDD368F00D9E8FB /* Model */,
				8000D8F81EDD368F00D9E8FB /* Networking */,
				8000D8FA1EDD368F00D9E8FB /* Protocol */,
				8000D8FF1EDD368F00D9E8FB /* Vendor */,
				800FD4231ED5293F00BE13CD /* PrismCore.swift */,
				80564C3F1ED5289D00BDA006 /* PrismCore.h */,
				80564C401ED5289D00BDA006 /* Info.plist */,
			);
			path = PrismCore;
			sourceTree = "<group>";
		};
		80564C491ED5289D00BDA006 /* PrismCoreTests */ = {
			isa = PBXGroup;
			children = (
				8000D9901EDD36B400D9E8FB /* JSONResponseMock.swift */,
				8000D9911EDD36B400D9E8FB /* NetworkMock.swift */,
				80564C4A1ED5289D00BDA006 /* PrismCoreTests.swift */,
				E5C07FD31EDEBB0700CA486B /* tshirt.jpg */,
				80564C4C1ED5289D00BDA006 /* Info.plist */,
			);
			path = PrismCoreTests;
			sourceTree = "<group>";
		};
/* End PBXGroup section */

/* Begin PBXHeadersBuildPhase section */
		80564C391ED5289D00BDA006 /* Headers */ = {
			isa = PBXHeadersBuildPhase;
			buildActionMask = 2147483647;
			files = (
				80564C4D1ED5289D00BDA006 /* PrismCore.h in Headers */,
			);
			runOnlyForDeploymentPostprocessing = 0;
		};
/* End PBXHeadersBuildPhase section */

/* Begin PBXNativeTarget section */
		80564C3B1ED5289D00BDA006 /* PrismCore */ = {
			isa = PBXNativeTarget;
			buildConfigurationList = 80564C501ED5289D00BDA006 /* Build configuration list for PBXNativeTarget "PrismCore" */;
			buildPhases = (
				80564C371ED5289D00BDA006 /* Sources */,
				80564C381ED5289D00BDA006 /* Frameworks */,
				80564C391ED5289D00BDA006 /* Headers */,
				80564C3A1ED5289D00BDA006 /* Resources */,
			);
			buildRules = (
			);
			dependencies = (
			);
			name = PrismCore;
			productName = PrismCore;
			productReference = 80564C3C1ED5289D00BDA006 /* PrismCore.framework */;
			productType = "com.apple.product-type.framework";
		};
		80564C441ED5289D00BDA006 /* PrismCoreTests */ = {
			isa = PBXNativeTarget;
			buildConfigurationList = 80564C531ED5289D00BDA006 /* Build configuration list for PBXNativeTarget "PrismCoreTests" */;
			buildPhases = (
				80564C411ED5289D00BDA006 /* Sources */,
				80564C421ED5289D00BDA006 /* Frameworks */,
				80564C431ED5289D00BDA006 /* Resources */,
			);
			buildRules = (
			);
			dependencies = (
				80564C481ED5289D00BDA006 /* PBXTargetDependency */,
			);
			name = PrismCoreTests;
			productName = PrismCoreTests;
			productReference = 80564C451ED5289D00BDA006 /* PrismCoreTests.xctest */;
			productType = "com.apple.product-type.bundle.unit-test";
		};
/* End PBXNativeTarget section */

/* Begin PBXProject section */
		80564C331ED5289D00BDA006 /* Project object */ = {
			isa = PBXProject;
			attributes = {
				LastSwiftUpdateCheck = 0830;
				LastUpgradeCheck = 0830;
				ORGANIZATIONNAME = PrismApp;
				TargetAttributes = {
					80564C3B1ED5289D00BDA006 = {
						CreatedOnToolsVersion = 8.3.2;
						ProvisioningStyle = Automatic;
					};
					80564C441ED5289D00BDA006 = {
						CreatedOnToolsVersion = 8.3.2;
						ProvisioningStyle = Automatic;
					};
				};
			};
			buildConfigurationList = 80564C361ED5289D00BDA006 /* Build configuration list for PBXProject "PrismCore" */;
			compatibilityVersion = "Xcode 3.2";
			developmentRegion = English;
			hasScannedForEncodings = 0;
			knownRegions = (
				en,
			);
			mainGroup = 80564C321ED5289D00BDA006;
			productRefGroup = 80564C3D1ED5289D00BDA006 /* Products */;
			projectDirPath = "";
			projectRoot = "";
			targets = (
				80564C3B1ED5289D00BDA006 /* PrismCore */,
				80564C441ED5289D00BDA006 /* PrismCoreTests */,
			);
		};
/* End PBXProject section */

/* Begin PBXResourcesBuildPhase section */
		80564C3A1ED5289D00BDA006 /* Resources */ = {
			isa = PBXResourcesBuildPhase;
			buildActionMask = 2147483647;
			files = (
			);
			runOnlyForDeploymentPostprocessing = 0;
		};
		80564C431ED5289D00BDA006 /* Resources */ = {
			isa = PBXResourcesBuildPhase;
			buildActionMask = 2147483647;
			files = (
				E5C07FD41EDEBB0700CA486B /* tshirt.jpg in Resources */,
			);
			runOnlyForDeploymentPostprocessing = 0;
		};
/* End PBXResourcesBuildPhase section */

/* Begin PBXSourcesBuildPhase section */
		80564C371ED5289D00BDA006 /* Sources */ = {
			isa = PBXSourcesBuildPhase;
			buildActionMask = 2147483647;
			files = (
				8000D9451EDD369000D9E8FB /* ContentOfflineMessage.swift in Sources */,
				8000D9471EDD369000D9E8FB /* ContentPlainText.swift in Sources */,
				8000D91B1EDD368F00D9E8FB /* GetSettingsEndPoint.swift in Sources */,
				8000D92F1EDD368F00D9E8FB /* ConversationHistory.swift in Sources */,
				8000D94F1EDD369000D9E8FB /* ContentTyping.swift in Sources */,
				8000D9271EDD368F00D9E8FB /* Sticker.swift in Sources */,
				8000D9571EDD369000D9E8FB /* Settings.swift in Sources */,
				8000D97F1EDD369000D9E8FB /* MQTTPubMsg.swift in Sources */,
				8000D9511EDD369000D9E8FB /* Message.swift in Sources */,
				8000D9791EDD369000D9E8FB /* MQTTPingResp.swift in Sources */,
				8000D9921EDD36B400D9E8FB /* JSONResponseMock.swift in Sources */,
				8000D9411EDD369000D9E8FB /* ContentCloseChat.swift in Sources */,
				8000D9531EDD369000D9E8FB /* MessageSender.swift in Sources */,
				8000D91D1EDD368F00D9E8FB /* GetStickersEndPoint.swift in Sources */,
				8000D9941EDD36B400D9E8FB /* NetworkMock.swift in Sources */,
				8000D92D1EDD368F00D9E8FB /* Conversation.swift in Sources */,
				8000D9551EDD369000D9E8FB /* MessageUser.swift in Sources */,
				8000D9231EDD368F00D9E8FB /* String.swift in Sources */,
				8091EA871EDEACBE007E43B0 /* RefreshTokenEndPoint.swift in Sources */,
				8000D95D1EDD369000D9E8FB /* MQTT.swift in Sources */,
				8000D93D1EDD369000D9E8FB /* ContentAutoResponder.swift in Sources */,
				8000D9851EDD369000D9E8FB /* MQTTUnSubAckPacket.swift in Sources */,
				8000D94B1EDD369000D9E8FB /* ContentStatusUpdate.swift in Sources */,
				8000D9731EDD369000D9E8FB /* MQTTPacket.swift in Sources */,
				8000D9651EDD369000D9E8FB /* EndPoint.swift in Sources */,
				8000D9251EDD368F00D9E8FB /* URL.swift in Sources */,
				8000D9871EDD369000D9E8FB /* MQTTUnsubPacket.swift in Sources */,
				8000D97B1EDD369000D9E8FB /* MQTTPubAck.swift in Sources */,
				8000D9671EDD369000D9E8FB /* Mappable.swift in Sources */,
				8000D9491EDD369000D9E8FB /* ContentProduct.swift in Sources */,
				8000D91F1EDD368F00D9E8FB /* VisitorConnectEndPoint.swift in Sources */,
				8000D9151EDD368F00D9E8FB /* CreateConversationEndPoint.swift in Sources */,
				8000D9611EDD369000D9E8FB /* Visitor.swift in Sources */,
				800FD4241ED5293F00BE13CD /* PrismCore.swift in Sources */,
				8091EA8A1EDEAFB0007E43B0 /* RefreshTokenResponse.swift in Sources */,
				8000D93B1EDD368F00D9E8FB /* ContentAttachment.swift in Sources */,
				8000D92B1EDD368F00D9E8FB /* StickerResponse.swift in Sources */,
				8000D9811EDD369000D9E8FB /* MQTTSubAckPacket.swift in Sources */,
				8000D9751EDD369000D9E8FB /* MQTTPacketFixedHeader.swift in Sources */,
				8000D9291EDD368F00D9E8FB /* StickerPack.swift in Sources */,
				8000D9631EDD369000D9E8FB /* Network.swift in Sources */,
				8000D96B1EDD369000D9E8FB /* PrismCoreDelegate.swift in Sources */,
				8000D9171EDD368F00D9E8FB /* GetAttachmentURLEndPoint.swift in Sources */,
				8000D9391EDD368F00D9E8FB /* ContentAssignment.swift in Sources */,
				8000D98B1EDD369000D9E8FB /* MQTTSession.swift in Sources */,
				8000D9371EDD368F00D9E8FB /* BrokerMetaData.swift in Sources */,
				8000D9691EDD369000D9E8FB /* NetworkProtocol.swift in Sources */,
				8000D9891EDD369000D9E8FB /* MQTTExtensions.swift in Sources */,
				8000D98D1EDD369000D9E8FB /* MQTTSessionStreamDelegate.swift in Sources */,
				8000D93F1EDD369000D9E8FB /* ContentCart.swift in Sources */,
				8000D96D1EDD369000D9E8FB /* MQTTConnAckPacket.swift in Sources */,
				8000D9831EDD369000D9E8FB /* MQTTSubPacket.swift in Sources */,
				8000D9351EDD368F00D9E8FB /* CreateConversationResponse.swift in Sources */,
				8000D9131EDD368F00D9E8FB /* Config.swift in Sources */,
				8000D9211EDD368F00D9E8FB /* Date.swift in Sources */,
				8000D9711EDD369000D9E8FB /* MQTTDisconnectPacket.swift in Sources */,
				8000D97D1EDD369000D9E8FB /* MQTTPublishPacket.swift in Sources */,
				8000D9331EDD368F00D9E8FB /* ConversationVisitor.swift in Sources */,
				8000D9771EDD369000D9E8FB /* MQTTPingPacket.swift in Sources */,
				8000D9431EDD369000D9E8FB /* ContentInvoice.swift in Sources */,
				8000D9311EDD368F00D9E8FB /* ConversationParticipant.swift in Sources */,
				8000D96F1EDD369000D9E8FB /* MQTTConnectPacket.swift in Sources */,
				8000D94D1EDD369000D9E8FB /* ContentSticker.swift in Sources */,
				8000D9191EDD368F00D9E8FB /* GetConversationHistoryEndPoint.swift in Sources */,
				8000D9591EDD369000D9E8FB /* UploadURL.swift in Sources */,
				8000D95B1EDD369000D9E8FB /* ConnectResponse.swift in Sources */,
				8000D95F1EDD369000D9E8FB /* OAuth.swift in Sources */,
			);
			runOnlyForDeploymentPostprocessing = 0;
		};
		80564C411ED5289D00BDA006 /* Sources */ = {
			isa = PBXSourcesBuildPhase;
			buildActionMask = 2147483647;
			files = (
				8000D9841EDD369000D9E8FB /* MQTTSubPacket.swift in Sources */,
				8000D95C1EDD369000D9E8FB /* ConnectResponse.swift in Sources */,
				8000D9561EDD369000D9E8FB /* MessageUser.swift in Sources */,
				8000D91C1EDD368F00D9E8FB /* GetSettingsEndPoint.swift in Sources */,
				8000D95E1EDD369000D9E8FB /* MQTT.swift in Sources */,
				8000D9821EDD369000D9E8FB /* MQTTSubAckPacket.swift in Sources */,
				8000D9501EDD369000D9E8FB /* ContentTyping.swift in Sources */,
				8000D98C1EDD369000D9E8FB /* MQTTSession.swift in Sources */,
				8000D97A1EDD369000D9E8FB /* MQTTPingResp.swift in Sources */,
				8000D9241EDD368F00D9E8FB /* String.swift in Sources */,
				8000D9931EDD36B400D9E8FB /* JSONResponseMock.swift in Sources */,
				8000D9521EDD369000D9E8FB /* Message.swift in Sources */,
				8000D9801EDD369000D9E8FB /* MQTTPubMsg.swift in Sources */,
				8000D9221EDD368F00D9E8FB /* Date.swift in Sources */,
				8000D9951EDD36B400D9E8FB /* NetworkMock.swift in Sources */,
				80564C4B1ED5289D00BDA006 /* PrismCoreTests.swift in Sources */,
				8000D98A1EDD369000D9E8FB /* MQTTExtensions.swift in Sources */,
				8000D9201EDD368F00D9E8FB /* VisitorConnectEndPoint.swift in Sources */,
				8000D93C1EDD368F00D9E8FB /* ContentAttachment.swift in Sources */,
				8000D9281EDD368F00D9E8FB /* Sticker.swift in Sources */,
				8000D9601EDD369000D9E8FB /* OAuth.swift in Sources */,
				800FD4251ED5293F00BE13CD /* PrismCore.swift in Sources */,
				8000D9481EDD369000D9E8FB /* ContentPlainText.swift in Sources */,
				8000D9381EDD368F00D9E8FB /* BrokerMetaData.swift in Sources */,
				8000D9701EDD369000D9E8FB /* MQTTConnectPacket.swift in Sources */,
				8000D9741EDD369000D9E8FB /* MQTTPacket.swift in Sources */,
				8000D9681EDD369000D9E8FB /* Mappable.swift in Sources */,
				8000D9161EDD368F00D9E8FB /* CreateConversationEndPoint.swift in Sources */,
				8000D9321EDD368F00D9E8FB /* ConversationParticipant.swift in Sources */,
				8000D9761EDD369000D9E8FB /* MQTTPacketFixedHeader.swift in Sources */,
				8000D93E1EDD369000D9E8FB /* ContentAutoResponder.swift in Sources */,
				8000D92E1EDD368F00D9E8FB /* Conversation.swift in Sources */,
				8000D9581EDD369000D9E8FB /* Settings.swift in Sources */,
				8000D9781EDD369000D9E8FB /* MQTTPingPacket.swift in Sources */,
				8000D92C1EDD368F00D9E8FB /* StickerResponse.swift in Sources */,
				8000D9541EDD369000D9E8FB /* MessageSender.swift in Sources */,
				8000D93A1EDD368F00D9E8FB /* ContentAssignment.swift in Sources */,
				8091EA881EDEACBE007E43B0 /* RefreshTokenEndPoint.swift in Sources */,
				8000D9181EDD368F00D9E8FB /* GetAttachmentURLEndPoint.swift in Sources */,
				8000D9421EDD369000D9E8FB /* ContentCloseChat.swift in Sources */,
				8091EA8B1EDEAFB0007E43B0 /* RefreshTokenResponse.swift in Sources */,
				8000D9661EDD369000D9E8FB /* EndPoint.swift in Sources */,
				8000D9721EDD369000D9E8FB /* MQTTDisconnectPacket.swift in Sources */,
				8000D9461EDD369000D9E8FB /* ContentOfflineMessage.swift in Sources */,
				8000D96E1EDD369000D9E8FB /* MQTTConnAckPacket.swift in Sources */,
				8000D9441EDD369000D9E8FB /* ContentInvoice.swift in Sources */,
				8000D96A1EDD369000D9E8FB /* NetworkProtocol.swift in Sources */,
				8000D98E1EDD369000D9E8FB /* MQTTSessionStreamDelegate.swift in Sources */,
				8000D94C1EDD369000D9E8FB /* ContentStatusUpdate.swift in Sources */,
				8000D97E1EDD369000D9E8FB /* MQTTPublishPacket.swift in Sources */,
				8000D95A1EDD369000D9E8FB /* UploadURL.swift in Sources */,
				8000D96C1EDD369000D9E8FB /* PrismCoreDelegate.swift in Sources */,
				8000D97C1EDD369000D9E8FB /* MQTTPubAck.swift in Sources */,
				8000D9301EDD368F00D9E8FB /* ConversationHistory.swift in Sources */,
				8000D91E1EDD368F00D9E8FB /* GetStickersEndPoint.swift in Sources */,
				8000D9881EDD369000D9E8FB /* MQTTUnsubPacket.swift in Sources */,
				8000D9641EDD369000D9E8FB /* Network.swift in Sources */,
				8000D92A1EDD368F00D9E8FB /* StickerPack.swift in Sources */,
				8000D9141EDD368F00D9E8FB /* Config.swift in Sources */,
				8000D9621EDD369000D9E8FB /* Visitor.swift in Sources */,
				8000D91A1EDD368F00D9E8FB /* GetConversationHistoryEndPoint.swift in Sources */,
				8000D9261EDD368F00D9E8FB /* URL.swift in Sources */,
				8000D9361EDD368F00D9E8FB /* CreateConversationResponse.swift in Sources */,
				8000D94A1EDD369000D9E8FB /* ContentProduct.swift in Sources */,
				8000D9401EDD369000D9E8FB /* ContentCart.swift in Sources */,
				8000D9861EDD369000D9E8FB /* MQTTUnSubAckPacket.swift in Sources */,
				8000D9341EDD368F00D9E8FB /* ConversationVisitor.swift in Sources */,
				8000D94E1EDD369000D9E8FB /* ContentSticker.swift in Sources */,
			);
			runOnlyForDeploymentPostprocessing = 0;
		};
/* End PBXSourcesBuildPhase section */

/* Begin PBXTargetDependency section */
		80564C481ED5289D00BDA006 /* PBXTargetDependency */ = {
			isa = PBXTargetDependency;
			target = 80564C3B1ED5289D00BDA006 /* PrismCore */;
			targetProxy = 80564C471ED5289D00BDA006 /* PBXContainerItemProxy */;
		};
/* End PBXTargetDependency section */

/* Begin XCBuildConfiguration section */
		80564C4E1ED5289D00BDA006 /* Debug */ = {
			isa = XCBuildConfiguration;
			buildSettings = {
				ALWAYS_SEARCH_USER_PATHS = NO;
				CLANG_ANALYZER_NONNULL = YES;
				CLANG_ANALYZER_NUMBER_OBJECT_CONVERSION = YES_AGGRESSIVE;
				CLANG_CXX_LANGUAGE_STANDARD = "gnu++0x";
				CLANG_CXX_LIBRARY = "libc++";
				CLANG_ENABLE_MODULES = YES;
				CLANG_ENABLE_OBJC_ARC = YES;
				CLANG_WARN_BOOL_CONVERSION = YES;
				CLANG_WARN_CONSTANT_CONVERSION = YES;
				CLANG_WARN_DIRECT_OBJC_ISA_USAGE = YES_ERROR;
				CLANG_WARN_DOCUMENTATION_COMMENTS = YES;
				CLANG_WARN_EMPTY_BODY = YES;
				CLANG_WARN_ENUM_CONVERSION = YES;
				CLANG_WARN_INFINITE_RECURSION = YES;
				CLANG_WARN_INT_CONVERSION = YES;
				CLANG_WARN_OBJC_ROOT_CLASS = YES_ERROR;
				CLANG_WARN_SUSPICIOUS_MOVE = YES;
				CLANG_WARN_UNREACHABLE_CODE = YES;
				CLANG_WARN__DUPLICATE_METHOD_MATCH = YES;
				"CODE_SIGN_IDENTITY[sdk=iphoneos*]" = "iPhone Developer";
				COPY_PHASE_STRIP = NO;
				CURRENT_PROJECT_VERSION = 1;
				DEBUG_INFORMATION_FORMAT = dwarf;
				ENABLE_STRICT_OBJC_MSGSEND = YES;
				ENABLE_TESTABILITY = YES;
				GCC_C_LANGUAGE_STANDARD = gnu99;
				GCC_DYNAMIC_NO_PIC = NO;
				GCC_NO_COMMON_BLOCKS = YES;
				GCC_OPTIMIZATION_LEVEL = 0;
				GCC_PREPROCESSOR_DEFINITIONS = (
					"DEBUG=1",
					"$(inherited)",
				);
				GCC_WARN_64_TO_32_BIT_CONVERSION = YES;
				GCC_WARN_ABOUT_RETURN_TYPE = YES_ERROR;
				GCC_WARN_UNDECLARED_SELECTOR = YES;
				GCC_WARN_UNINITIALIZED_AUTOS = YES_AGGRESSIVE;
				GCC_WARN_UNUSED_FUNCTION = YES;
				GCC_WARN_UNUSED_VARIABLE = YES;
				IPHONEOS_DEPLOYMENT_TARGET = 10.3;
				MTL_ENABLE_DEBUG_INFO = YES;
				ONLY_ACTIVE_ARCH = YES;
				SDKROOT = iphoneos;
				SWIFT_ACTIVE_COMPILATION_CONDITIONS = DEBUG;
				SWIFT_OPTIMIZATION_LEVEL = "-Onone";
				TARGETED_DEVICE_FAMILY = "1,2";
				VERSIONING_SYSTEM = "apple-generic";
				VERSION_INFO_PREFIX = "";
			};
			name = Debug;
		};
		80564C4F1ED5289D00BDA006 /* Release */ = {
			isa = XCBuildConfiguration;
			buildSettings = {
				ALWAYS_SEARCH_USER_PATHS = NO;
				CLANG_ANALYZER_NONNULL = YES;
				CLANG_ANALYZER_NUMBER_OBJECT_CONVERSION = YES_AGGRESSIVE;
				CLANG_CXX_LANGUAGE_STANDARD = "gnu++0x";
				CLANG_CXX_LIBRARY = "libc++";
				CLANG_ENABLE_MODULES = YES;
				CLANG_ENABLE_OBJC_ARC = YES;
				CLANG_WARN_BOOL_CONVERSION = YES;
				CLANG_WARN_CONSTANT_CONVERSION = YES;
				CLANG_WARN_DIRECT_OBJC_ISA_USAGE = YES_ERROR;
				CLANG_WARN_DOCUMENTATION_COMMENTS = YES;
				CLANG_WARN_EMPTY_BODY = YES;
				CLANG_WARN_ENUM_CONVERSION = YES;
				CLANG_WARN_INFINITE_RECURSION = YES;
				CLANG_WARN_INT_CONVERSION = YES;
				CLANG_WARN_OBJC_ROOT_CLASS = YES_ERROR;
				CLANG_WARN_SUSPICIOUS_MOVE = YES;
				CLANG_WARN_UNREACHABLE_CODE = YES;
				CLANG_WARN__DUPLICATE_METHOD_MATCH = YES;
				"CODE_SIGN_IDENTITY[sdk=iphoneos*]" = "iPhone Developer";
				COPY_PHASE_STRIP = NO;
				CURRENT_PROJECT_VERSION = 1;
				DEBUG_INFORMATION_FORMAT = "dwarf-with-dsym";
				ENABLE_NS_ASSERTIONS = NO;
				ENABLE_STRICT_OBJC_MSGSEND = YES;
				GCC_C_LANGUAGE_STANDARD = gnu99;
				GCC_NO_COMMON_BLOCKS = YES;
				GCC_WARN_64_TO_32_BIT_CONVERSION = YES;
				GCC_WARN_ABOUT_RETURN_TYPE = YES_ERROR;
				GCC_WARN_UNDECLARED_SELECTOR = YES;
				GCC_WARN_UNINITIALIZED_AUTOS = YES_AGGRESSIVE;
				GCC_WARN_UNUSED_FUNCTION = YES;
				GCC_WARN_UNUSED_VARIABLE = YES;
				IPHONEOS_DEPLOYMENT_TARGET = 10.3;
				MTL_ENABLE_DEBUG_INFO = NO;
				SDKROOT = iphoneos;
				SWIFT_OPTIMIZATION_LEVEL = "-Owholemodule";
				TARGETED_DEVICE_FAMILY = "1,2";
				VALIDATE_PRODUCT = YES;
				VERSIONING_SYSTEM = "apple-generic";
				VERSION_INFO_PREFIX = "";
			};
			name = Release;
		};
		80564C511ED5289D00BDA006 /* Debug */ = {
			isa = XCBuildConfiguration;
			buildSettings = {
				CODE_SIGN_IDENTITY = "";
				DEFINES_MODULE = YES;
				DYLIB_COMPATIBILITY_VERSION = 1;
				DYLIB_CURRENT_VERSION = 1;
				DYLIB_INSTALL_NAME_BASE = "@rpath";
				INFOPLIST_FILE = PrismCore/Info.plist;
				INSTALL_PATH = "$(LOCAL_LIBRARY_DIR)/Frameworks";
				LD_RUNPATH_SEARCH_PATHS = "$(inherited) @executable_path/Frameworks @loader_path/Frameworks";
				PRODUCT_BUNDLE_IDENTIFIER = io.prismapp.PrismCore;
				PRODUCT_NAME = "$(TARGET_NAME)";
				SKIP_INSTALL = YES;
				SWIFT_VERSION = 3.0;
			};
			name = Debug;
		};
		80564C521ED5289D00BDA006 /* Release */ = {
			isa = XCBuildConfiguration;
			buildSettings = {
				CODE_SIGN_IDENTITY = "";
				DEFINES_MODULE = YES;
				DYLIB_COMPATIBILITY_VERSION = 1;
				DYLIB_CURRENT_VERSION = 1;
				DYLIB_INSTALL_NAME_BASE = "@rpath";
				INFOPLIST_FILE = PrismCore/Info.plist;
				INSTALL_PATH = "$(LOCAL_LIBRARY_DIR)/Frameworks";
				LD_RUNPATH_SEARCH_PATHS = "$(inherited) @executable_path/Frameworks @loader_path/Frameworks";
				PRODUCT_BUNDLE_IDENTIFIER = io.prismapp.PrismCore;
				PRODUCT_NAME = "$(TARGET_NAME)";
				SKIP_INSTALL = YES;
				SWIFT_VERSION = 3.0;
			};
			name = Release;
		};
		80564C541ED5289D00BDA006 /* Debug */ = {
			isa = XCBuildConfiguration;
			buildSettings = {
				ALWAYS_EMBED_SWIFT_STANDARD_LIBRARIES = YES;
				INFOPLIST_FILE = PrismCoreTests/Info.plist;
				LD_RUNPATH_SEARCH_PATHS = "$(inherited) @executable_path/Frameworks @loader_path/Frameworks";
				PRODUCT_BUNDLE_IDENTIFIER = io.prismapp.PrismCoreTests;
				PRODUCT_NAME = "$(TARGET_NAME)";
				SWIFT_VERSION = 3.0;
			};
			name = Debug;
		};
		80564C551ED5289D00BDA006 /* Release */ = {
			isa = XCBuildConfiguration;
			buildSettings = {
				ALWAYS_EMBED_SWIFT_STANDARD_LIBRARIES = YES;
				INFOPLIST_FILE = PrismCoreTests/Info.plist;
				LD_RUNPATH_SEARCH_PATHS = "$(inherited) @executable_path/Frameworks @loader_path/Frameworks";
				PRODUCT_BUNDLE_IDENTIFIER = io.prismapp.PrismCoreTests;
				PRODUCT_NAME = "$(TARGET_NAME)";
				SWIFT_VERSION = 3.0;
			};
			name = Release;
		};
/* End XCBuildConfiguration section */

/* Begin XCConfigurationList section */
		80564C361ED5289D00BDA006 /* Build configuration list for PBXProject "PrismCore" */ = {
			isa = XCConfigurationList;
			buildConfigurations = (
				80564C4E1ED5289D00BDA006 /* Debug */,
				80564C4F1ED5289D00BDA006 /* Release */,
			);
			defaultConfigurationIsVisible = 0;
			defaultConfigurationName = Release;
		};
		80564C501ED5289D00BDA006 /* Build configuration list for PBXNativeTarget "PrismCore" */ = {
			isa = XCConfigurationList;
			buildConfigurations = (
				80564C511ED5289D00BDA006 /* Debug */,
				80564C521ED5289D00BDA006 /* Release */,
			);
			defaultConfigurationIsVisible = 0;
			defaultConfigurationName = Release;
		};
		80564C531ED5289D00BDA006 /* Build configuration list for PBXNativeTarget "PrismCoreTests" */ = {
			isa = XCConfigurationList;
			buildConfigurations = (
				80564C541ED5289D00BDA006 /* Debug */,
				80564C551ED5289D00BDA006 /* Release */,
			);
			defaultConfigurationIsVisible = 0;
			defaultConfigurationName = Release;
		};
/* End XCConfigurationList section */
	};
	rootObject = 80564C331ED5289D00BDA006 /* Project object */;
}
