// !$*UTF8*$!
{
	archiveVersion = 1;
	classes = {
	};
	objectVersion = 46;
	objects = {

/* Begin PBXBuildFile section */
		800E2EB01EEE35D6003AB37B /* UIColor.swift in Sources */ = {isa = PBXBuildFile; fileRef = 800E2EAF1EEE35D6003AB37B /* UIColor.swift */; };
		80389A3E1EEA3132007B9458 /* ConnectViewController.swift in Sources */ = {isa = PBXBuildFile; fileRef = 80389A3C1EEA3132007B9458 /* ConnectViewController.swift */; };
		80389A401EEA3132007B9458 /* ConnectViewController.xib in Resources */ = {isa = PBXBuildFile; fileRef = 80389A3D1EEA3132007B9458 /* ConnectViewController.xib */; };
		80389A531EEA7A13007B9458 /* PrismUI.swift in Sources */ = {isa = PBXBuildFile; fileRef = 80389A521EEA7A13007B9458 /* PrismUI.swift */; };
		807C898A1EEE389200DADEBF /* Theme.swift in Sources */ = {isa = PBXBuildFile; fileRef = 807C89891EEE389200DADEBF /* Theme.swift */; };
		807C89911EEE4AF100DADEBF /* ChatViewController.swift in Sources */ = {isa = PBXBuildFile; fileRef = 807C898F1EEE4AF100DADEBF /* ChatViewController.swift */; };
		807C89931EEE4AF100DADEBF /* ChatViewController.xib in Resources */ = {isa = PBXBuildFile; fileRef = 807C89901EEE4AF100DADEBF /* ChatViewController.xib */; };
		807C89991EEE4C3400DADEBF /* UIFont.swift in Sources */ = {isa = PBXBuildFile; fileRef = 807C89981EEE4C3400DADEBF /* UIFont.swift */; };
		807C899C1EEE63B400DADEBF /* UIViewController.swift in Sources */ = {isa = PBXBuildFile; fileRef = 807C899B1EEE63B400DADEBF /* UIViewController.swift */; };
		807C899F1EEE7BEC00DADEBF /* UIImageView.swift in Sources */ = {isa = PBXBuildFile; fileRef = 807C899E1EEE7BEC00DADEBF /* UIImageView.swift */; };
		E5053A861EF10930006677A4 /* LinedTextField.swift in Sources */ = {isa = PBXBuildFile; fileRef = 80389A421EEA3140007B9458 /* LinedTextField.swift */; };
		E5053A891EF10D24006677A4 /* RootViewController.swift in Sources */ = {isa = PBXBuildFile; fileRef = E5053A871EF10D24006677A4 /* RootViewController.swift */; };
		E5053A8A1EF10D24006677A4 /* RootViewController.xib in Resources */ = {isa = PBXBuildFile; fileRef = E5053A881EF10D24006677A4 /* RootViewController.xib */; };
		E5053A8F1EF13123006677A4 /* InputFormSettings.swift in Sources */ = {isa = PBXBuildFile; fileRef = E5053A8E1EF13123006677A4 /* InputFormSettings.swift */; };
		E5053A911EF13728006677A4 /* PrismCredential.swift in Sources */ = {isa = PBXBuildFile; fileRef = E5053A901EF13728006677A4 /* PrismCredential.swift */; };
		E5053A9B1EF1F6B3006677A4 /* PrismUnitTests.swift in Sources */ = {isa = PBXBuildFile; fileRef = E5053A9A1EF1F6B3006677A4 /* PrismUnitTests.swift */; };
		E5053A9D1EF1F6B3006677A4 /* PrismUI.framework in Frameworks */ = {isa = PBXBuildFile; fileRef = E52665731EE91A9600612E19 /* PrismUI.framework */; };
		E508C1B71EF8B469004DCB6A /* ChatImageView.swift in Sources */ = {isa = PBXBuildFile; fileRef = E508C1B61EF8B469004DCB6A /* ChatImageView.swift */; };
		E508C1B91EF8B479004DCB6A /* ChatImageView.xib in Resources */ = {isa = PBXBuildFile; fileRef = E508C1B81EF8B479004DCB6A /* ChatImageView.xib */; };
		E508C1BB1EF8BD22004DCB6A /* NumberExt.swift in Sources */ = {isa = PBXBuildFile; fileRef = E508C1BA1EF8BD22004DCB6A /* NumberExt.swift */; };
		E508C1C31EF8D6F9004DCB6A /* Localizable.strings in Resources */ = {isa = PBXBuildFile; fileRef = E508C1C21EF8D6F9004DCB6A /* Localizable.strings */; };
		E52665841EE91A9600612E19 /* PrismUI.h in Headers */ = {isa = PBXBuildFile; fileRef = E52665761EE91A9600612E19 /* PrismUI.h */; settings = {ATTRIBUTES = (Public, ); }; };
		E547D2281EF1FA6200B66136 /* Media.xcassets in Resources */ = {isa = PBXBuildFile; fileRef = E547D2271EF1FA6200B66136 /* Media.xcassets */; };
		E54969B81EEA82B7008209D9 /* PrismCore.framework in Frameworks */ = {isa = PBXBuildFile; fileRef = E54969B71EEA82B7008209D9 /* PrismCore.framework */; };
		E54969BB1EEA8496008209D9 /* Utils.swift in Sources */ = {isa = PBXBuildFile; fileRef = E54969BA1EEA8496008209D9 /* Utils.swift */; };
		E559E1F11EF2658C004E3F03 /* Settings.swift in Sources */ = {isa = PBXBuildFile; fileRef = E559E1F01EF2658C004E3F03 /* Settings.swift */; };
		E559E1F31EF26FBA004E3F03 /* BaseViewController.swift in Sources */ = {isa = PBXBuildFile; fileRef = E559E1F21EF26FBA004E3F03 /* BaseViewController.swift */; };
		E57440841EF760C3003CA9E7 /* StickerInContainer.swift in Sources */ = {isa = PBXBuildFile; fileRef = E57440831EF760C2003CA9E7 /* StickerInContainer.swift */; };
		E57440861EF760D0003CA9E7 /* StickerOutContainer.swift in Sources */ = {isa = PBXBuildFile; fileRef = E57440851EF760D0003CA9E7 /* StickerOutContainer.swift */; };
		E57440881EF76140003CA9E7 /* StickerInContainer.xib in Resources */ = {isa = PBXBuildFile; fileRef = E57440871EF76140003CA9E7 /* StickerInContainer.xib */; };
		E574408A1EF7615B003CA9E7 /* StickerOutContainer.xib in Resources */ = {isa = PBXBuildFile; fileRef = E57440891EF7615B003CA9E7 /* StickerOutContainer.xib */; };
		E574408D1EF7649A003CA9E7 /* ChatStickerView.swift in Sources */ = {isa = PBXBuildFile; fileRef = E574408C1EF7649A003CA9E7 /* ChatStickerView.swift */; };
		E574408F1EF764AC003CA9E7 /* ChatStickerView.xib in Resources */ = {isa = PBXBuildFile; fileRef = E574408E1EF764AC003CA9E7 /* ChatStickerView.xib */; };
		E57440911EF76BBB003CA9E7 /* ChatInvoiceView.swift in Sources */ = {isa = PBXBuildFile; fileRef = E57440901EF76BBB003CA9E7 /* ChatInvoiceView.swift */; };
		E57440931EF76BD0003CA9E7 /* ChatProductView.swift in Sources */ = {isa = PBXBuildFile; fileRef = E57440921EF76BD0003CA9E7 /* ChatProductView.swift */; };
		E57440951EF76BEC003CA9E7 /* ChatProductView.xib in Resources */ = {isa = PBXBuildFile; fileRef = E57440941EF76BEC003CA9E7 /* ChatProductView.xib */; };
		E57440971EF76BFD003CA9E7 /* ChatInvoiceView.xib in Resources */ = {isa = PBXBuildFile; fileRef = E57440961EF76BFD003CA9E7 /* ChatInvoiceView.xib */; };
		E574409F1EF76FCF003CA9E7 /* ContentProductCell.swift in Sources */ = {isa = PBXBuildFile; fileRef = E574409D1EF76FCF003CA9E7 /* ContentProductCell.swift */; };
		E57440A01EF76FCF003CA9E7 /* ContentProductCell.xib in Resources */ = {isa = PBXBuildFile; fileRef = E574409E1EF76FCF003CA9E7 /* ContentProductCell.xib */; };
		E57440A21EF79EC8003CA9E7 /* ChatContentProtocol.swift in Sources */ = {isa = PBXBuildFile; fileRef = E57440A11EF79EC8003CA9E7 /* ChatContentProtocol.swift */; };
		E57440A41EF7A898003CA9E7 /* ChatContainerView.swift in Sources */ = {isa = PBXBuildFile; fileRef = E57440A31EF7A898003CA9E7 /* ChatContainerView.swift */; };
		E57440AB1EF7CE43003CA9E7 /* ChatCartView.swift in Sources */ = {isa = PBXBuildFile; fileRef = E57440AA1EF7CE43003CA9E7 /* ChatCartView.swift */; };
		E57440AD1EF7CE58003CA9E7 /* ChatCartView.xib in Resources */ = {isa = PBXBuildFile; fileRef = E57440AC1EF7CE58003CA9E7 /* ChatCartView.xib */; };
		E57440B01EF7CFA6003CA9E7 /* ProductCartView.swift in Sources */ = {isa = PBXBuildFile; fileRef = E57440AF1EF7CFA6003CA9E7 /* ProductCartView.swift */; };
		E57440B21EF7CFB3003CA9E7 /* ProductCartView.xib in Resources */ = {isa = PBXBuildFile; fileRef = E57440B11EF7CFB3003CA9E7 /* ProductCartView.xib */; };
		E57440B41EF7DD8A003CA9E7 /* MidtransView.swift in Sources */ = {isa = PBXBuildFile; fileRef = E57440B31EF7DD8A003CA9E7 /* MidtransView.swift */; };
		E57440B61EF7DD97003CA9E7 /* MidtransView.xib in Resources */ = {isa = PBXBuildFile; fileRef = E57440B51EF7DD97003CA9E7 /* MidtransView.xib */; };
		E58FAE5D1EF36874002F1A2A /* AuthViewModel.swift in Sources */ = {isa = PBXBuildFile; fileRef = E58FAE5C1EF36874002F1A2A /* AuthViewModel.swift */; };
		E58FAE5F1EF3687D002F1A2A /* ChatViewModel.swift in Sources */ = {isa = PBXBuildFile; fileRef = E58FAE5E1EF3687D002F1A2A /* ChatViewModel.swift */; };
		E58FAE661EF38435002F1A2A /* ChatComposer.swift in Sources */ = {isa = PBXBuildFile; fileRef = E58FAE601EF38435002F1A2A /* ChatComposer.swift */; };
		E58FAE671EF38435002F1A2A /* ChatComposer.xib in Resources */ = {isa = PBXBuildFile; fileRef = E58FAE611EF38435002F1A2A /* ChatComposer.xib */; };
		E58FAE681EF38435002F1A2A /* EmojiInputView.swift in Sources */ = {isa = PBXBuildFile; fileRef = E58FAE621EF38435002F1A2A /* EmojiInputView.swift */; };
		E58FAE691EF38435002F1A2A /* EmojiInputView.xib in Resources */ = {isa = PBXBuildFile; fileRef = E58FAE631EF38435002F1A2A /* EmojiInputView.xib */; };
		E58FAE6A1EF38435002F1A2A /* OptionButtons.swift in Sources */ = {isa = PBXBuildFile; fileRef = E58FAE641EF38435002F1A2A /* OptionButtons.swift */; };
		E58FAE6B1EF38435002F1A2A /* PlaceholderTextView.swift in Sources */ = {isa = PBXBuildFile; fileRef = E58FAE651EF38435002F1A2A /* PlaceholderTextView.swift */; };
		E58FAE6F1EF385F3002F1A2A /* EmojisList.plist in Resources */ = {isa = PBXBuildFile; fileRef = E58FAE6E1EF385F3002F1A2A /* EmojisList.plist */; };
		E58FAE721EF39407002F1A2A /* ChatTextView.xib in Resources */ = {isa = PBXBuildFile; fileRef = E58FAE711EF39407002F1A2A /* ChatTextView.xib */; };
		E58FAE7A1EF3A74D002F1A2A /* ChatBubleView.swift in Sources */ = {isa = PBXBuildFile; fileRef = E58FAE791EF3A74D002F1A2A /* ChatBubleView.swift */; };
		E58FAE841EF495E4002F1A2A /* ChatCell.swift in Sources */ = {isa = PBXBuildFile; fileRef = E58FAE831EF495E4002F1A2A /* ChatCell.swift */; };
		E599E8791EF6546F00B67920 /* ChatInContainerView.xib in Resources */ = {isa = PBXBuildFile; fileRef = E599E8781EF6546F00B67920 /* ChatInContainerView.xib */; };
		E599E87B1EF6551200B67920 /* ChatOutContainerView.xib in Resources */ = {isa = PBXBuildFile; fileRef = E599E87A1EF6551200B67920 /* ChatOutContainerView.xib */; };
		E599E87E1EF67D4300B67920 /* ChatTextView.swift in Sources */ = {isa = PBXBuildFile; fileRef = E599E87D1EF67D4300B67920 /* ChatTextView.swift */; };
		E599E8801EF67D5300B67920 /* ChatInContainerView.swift in Sources */ = {isa = PBXBuildFile; fileRef = E599E87F1EF67D5300B67920 /* ChatInContainerView.swift */; };
		E599E8821EF67D6200B67920 /* ChatOutContainerView.swift in Sources */ = {isa = PBXBuildFile; fileRef = E599E8811EF67D6200B67920 /* ChatOutContainerView.swift */; };
		E599E8841EF67F6500B67920 /* UIViewExt.swift in Sources */ = {isa = PBXBuildFile; fileRef = E599E8831EF67F6500B67920 /* UIViewExt.swift */; };
		E599E8861EF67FA400B67920 /* UIViewControllerExt.swift in Sources */ = {isa = PBXBuildFile; fileRef = E599E8851EF67FA400B67920 /* UIViewControllerExt.swift */; };
		E599E8881EF67FD600B67920 /* UITextFieldExt.swift in Sources */ = {isa = PBXBuildFile; fileRef = E599E8871EF67FD600B67920 /* UITextFieldExt.swift */; };
/* End PBXBuildFile section */

/* Begin PBXContainerItemProxy section */
		E5053A9E1EF1F6B3006677A4 /* PBXContainerItemProxy */ = {
			isa = PBXContainerItemProxy;
			containerPortal = E526656A1EE91A9600612E19 /* Project object */;
			proxyType = 1;
			remoteGlobalIDString = E52665721EE91A9600612E19;
			remoteInfo = PrismUI;
		};
/* End PBXContainerItemProxy section */

/* Begin PBXFileReference section */
		800E2EAF1EEE35D6003AB37B /* UIColor.swift */ = {isa = PBXFileReference; fileEncoding = 4; lastKnownFileType = sourcecode.swift; path = UIColor.swift; sourceTree = "<group>"; };
		80389A3C1EEA3132007B9458 /* ConnectViewController.swift */ = {isa = PBXFileReference; fileEncoding = 4; lastKnownFileType = sourcecode.swift; path = ConnectViewController.swift; sourceTree = "<group>"; };
		80389A3D1EEA3132007B9458 /* ConnectViewController.xib */ = {isa = PBXFileReference; fileEncoding = 4; lastKnownFileType = file.xib; path = ConnectViewController.xib; sourceTree = "<group>"; };
		80389A421EEA3140007B9458 /* LinedTextField.swift */ = {isa = PBXFileReference; fileEncoding = 4; lastKnownFileType = sourcecode.swift; path = LinedTextField.swift; sourceTree = "<group>"; };
		80389A521EEA7A13007B9458 /* PrismUI.swift */ = {isa = PBXFileReference; fileEncoding = 4; lastKnownFileType = sourcecode.swift; path = PrismUI.swift; sourceTree = "<group>"; };
		807C89891EEE389200DADEBF /* Theme.swift */ = {isa = PBXFileReference; fileEncoding = 4; lastKnownFileType = sourcecode.swift; name = Theme.swift; path = PrismUI/Components/Theme/Theme.swift; sourceTree = SOURCE_ROOT; };
		807C898F1EEE4AF100DADEBF /* ChatViewController.swift */ = {isa = PBXFileReference; fileEncoding = 4; lastKnownFileType = sourcecode.swift; path = ChatViewController.swift; sourceTree = "<group>"; };
		807C89901EEE4AF100DADEBF /* ChatViewController.xib */ = {isa = PBXFileReference; fileEncoding = 4; lastKnownFileType = file.xib; path = ChatViewController.xib; sourceTree = "<group>"; };
		807C89981EEE4C3400DADEBF /* UIFont.swift */ = {isa = PBXFileReference; fileEncoding = 4; lastKnownFileType = sourcecode.swift; path = UIFont.swift; sourceTree = "<group>"; };
		807C899B1EEE63B400DADEBF /* UIViewController.swift */ = {isa = PBXFileReference; fileEncoding = 4; lastKnownFileType = sourcecode.swift; path = UIViewController.swift; sourceTree = "<group>"; };
		807C899E1EEE7BEC00DADEBF /* UIImageView.swift */ = {isa = PBXFileReference; fileEncoding = 4; lastKnownFileType = sourcecode.swift; path = UIImageView.swift; sourceTree = "<group>"; };
		E5053A871EF10D24006677A4 /* RootViewController.swift */ = {isa = PBXFileReference; fileEncoding = 4; lastKnownFileType = sourcecode.swift; path = RootViewController.swift; sourceTree = "<group>"; };
		E5053A881EF10D24006677A4 /* RootViewController.xib */ = {isa = PBXFileReference; fileEncoding = 4; lastKnownFileType = file.xib; path = RootViewController.xib; sourceTree = "<group>"; };
		E5053A8E1EF13123006677A4 /* InputFormSettings.swift */ = {isa = PBXFileReference; fileEncoding = 4; lastKnownFileType = sourcecode.swift; name = InputFormSettings.swift; path = Models/InputFormSettings.swift; sourceTree = "<group>"; };
		E5053A901EF13728006677A4 /* PrismCredential.swift */ = {isa = PBXFileReference; fileEncoding = 4; lastKnownFileType = sourcecode.swift; name = PrismCredential.swift; path = Models/PrismCredential.swift; sourceTree = "<group>"; };
		E5053A981EF1F6B3006677A4 /* PrismUnitTests.xctest */ = {isa = PBXFileReference; explicitFileType = wrapper.cfbundle; includeInIndex = 0; path = PrismUnitTests.xctest; sourceTree = BUILT_PRODUCTS_DIR; };
		E5053A9A1EF1F6B3006677A4 /* PrismUnitTests.swift */ = {isa = PBXFileReference; lastKnownFileType = sourcecode.swift; path = PrismUnitTests.swift; sourceTree = "<group>"; };
		E5053A9C1EF1F6B3006677A4 /* Info.plist */ = {isa = PBXFileReference; lastKnownFileType = text.plist.xml; path = Info.plist; sourceTree = "<group>"; };
		E508C1B61EF8B469004DCB6A /* ChatImageView.swift */ = {isa = PBXFileReference; fileEncoding = 4; lastKnownFileType = sourcecode.swift; name = ChatImageView.swift; path = PrismUI/Views/ChatImageView.swift; sourceTree = SOURCE_ROOT; };
		E508C1B81EF8B479004DCB6A /* ChatImageView.xib */ = {isa = PBXFileReference; fileEncoding = 4; lastKnownFileType = file.xib; name = ChatImageView.xib; path = PrismUI/Views/ChatImageView.xib; sourceTree = SOURCE_ROOT; };
		E508C1BA1EF8BD22004DCB6A /* NumberExt.swift */ = {isa = PBXFileReference; fileEncoding = 4; lastKnownFileType = sourcecode.swift; name = NumberExt.swift; path = Utils/NumberExt.swift; sourceTree = "<group>"; };
		E508C1C21EF8D6F9004DCB6A /* Localizable.strings */ = {isa = PBXFileReference; fileEncoding = 4; lastKnownFileType = text.plist.strings; name = Localizable.strings; path = Resources/Localizable.strings; sourceTree = "<group>"; };
		E52665731EE91A9600612E19 /* PrismUI.framework */ = {isa = PBXFileReference; explicitFileType = wrapper.framework; includeInIndex = 0; path = PrismUI.framework; sourceTree = BUILT_PRODUCTS_DIR; };
		E52665761EE91A9600612E19 /* PrismUI.h */ = {isa = PBXFileReference; lastKnownFileType = sourcecode.c.h; path = PrismUI.h; sourceTree = "<group>"; };
		E52665771EE91A9600612E19 /* Info.plist */ = {isa = PBXFileReference; lastKnownFileType = text.plist.xml; path = Info.plist; sourceTree = "<group>"; };
		E547D2271EF1FA6200B66136 /* Media.xcassets */ = {isa = PBXFileReference; lastKnownFileType = folder.assetcatalog; name = Media.xcassets; path = Resources/Media.xcassets; sourceTree = "<group>"; };
		E54969B71EEA82B7008209D9 /* PrismCore.framework */ = {isa = PBXFileReference; lastKnownFileType = wrapper.framework; name = PrismCore.framework; path = "../../../../../Library/Developer/Xcode/DerivedData/DemoPrismCore-friqtlupaxddjygruiinatqqklhk/Build/Products/Debug-iphonesimulator/PrismCore.framework"; sourceTree = "<group>"; };
		E54969BA1EEA8496008209D9 /* Utils.swift */ = {isa = PBXFileReference; fileEncoding = 4; lastKnownFileType = sourcecode.swift; name = Utils.swift; path = Utils/Utils.swift; sourceTree = "<group>"; };
		E559E1F01EF2658C004E3F03 /* Settings.swift */ = {isa = PBXFileReference; fileEncoding = 4; lastKnownFileType = sourcecode.swift; name = Settings.swift; path = Models/Settings.swift; sourceTree = "<group>"; };
		E559E1F21EF26FBA004E3F03 /* BaseViewController.swift */ = {isa = PBXFileReference; fileEncoding = 4; lastKnownFileType = sourcecode.swift; path = BaseViewController.swift; sourceTree = "<group>"; };
		E57440831EF760C2003CA9E7 /* StickerInContainer.swift */ = {isa = PBXFileReference; fileEncoding = 4; lastKnownFileType = sourcecode.swift; name = StickerInContainer.swift; path = PrismUI/Views/StickerInContainer.swift; sourceTree = SOURCE_ROOT; };
		E57440851EF760D0003CA9E7 /* StickerOutContainer.swift */ = {isa = PBXFileReference; fileEncoding = 4; lastKnownFileType = sourcecode.swift; name = StickerOutContainer.swift; path = PrismUI/Views/StickerOutContainer.swift; sourceTree = SOURCE_ROOT; };
		E57440871EF76140003CA9E7 /* StickerInContainer.xib */ = {isa = PBXFileReference; fileEncoding = 4; lastKnownFileType = file.xib; name = StickerInContainer.xib; path = PrismUI/Views/StickerInContainer.xib; sourceTree = SOURCE_ROOT; };
		E57440891EF7615B003CA9E7 /* StickerOutContainer.xib */ = {isa = PBXFileReference; fileEncoding = 4; lastKnownFileType = file.xib; name = StickerOutContainer.xib; path = PrismUI/Views/StickerOutContainer.xib; sourceTree = SOURCE_ROOT; };
		E574408C1EF7649A003CA9E7 /* ChatStickerView.swift */ = {isa = PBXFileReference; fileEncoding = 4; lastKnownFileType = sourcecode.swift; name = ChatStickerView.swift; path = PrismUI/Views/ChatStickerView.swift; sourceTree = SOURCE_ROOT; };
		E574408E1EF764AC003CA9E7 /* ChatStickerView.xib */ = {isa = PBXFileReference; fileEncoding = 4; lastKnownFileType = file.xib; name = ChatStickerView.xib; path = PrismUI/Views/ChatStickerView.xib; sourceTree = SOURCE_ROOT; };
		E57440901EF76BBB003CA9E7 /* ChatInvoiceView.swift */ = {isa = PBXFileReference; fileEncoding = 4; lastKnownFileType = sourcecode.swift; name = ChatInvoiceView.swift; path = PrismUI/Views/ChatInvoiceView.swift; sourceTree = SOURCE_ROOT; };
		E57440921EF76BD0003CA9E7 /* ChatProductView.swift */ = {isa = PBXFileReference; fileEncoding = 4; lastKnownFileType = sourcecode.swift; name = ChatProductView.swift; path = PrismUI/Views/ChatProductView.swift; sourceTree = SOURCE_ROOT; };
		E57440941EF76BEC003CA9E7 /* ChatProductView.xib */ = {isa = PBXFileReference; fileEncoding = 4; lastKnownFileType = file.xib; name = ChatProductView.xib; path = PrismUI/Views/ChatProductView.xib; sourceTree = SOURCE_ROOT; };
		E57440961EF76BFD003CA9E7 /* ChatInvoiceView.xib */ = {isa = PBXFileReference; fileEncoding = 4; lastKnownFileType = file.xib; name = ChatInvoiceView.xib; path = PrismUI/Views/ChatInvoiceView.xib; sourceTree = SOURCE_ROOT; };
		E574409D1EF76FCF003CA9E7 /* ContentProductCell.swift */ = {isa = PBXFileReference; fileEncoding = 4; lastKnownFileType = sourcecode.swift; name = ContentProductCell.swift; path = PrismUI/Views/ContentProductCell.swift; sourceTree = SOURCE_ROOT; };
		E574409E1EF76FCF003CA9E7 /* ContentProductCell.xib */ = {isa = PBXFileReference; fileEncoding = 4; lastKnownFileType = file.xib; name = ContentProductCell.xib; path = PrismUI/Views/ContentProductCell.xib; sourceTree = SOURCE_ROOT; };
		E57440A11EF79EC8003CA9E7 /* ChatContentProtocol.swift */ = {isa = PBXFileReference; fileEncoding = 4; lastKnownFileType = sourcecode.swift; name = ChatContentProtocol.swift; path = PrismUI/Views/ChatContentProtocol.swift; sourceTree = SOURCE_ROOT; };
		E57440A31EF7A898003CA9E7 /* ChatContainerView.swift */ = {isa = PBXFileReference; fileEncoding = 4; lastKnownFileType = sourcecode.swift; name = ChatContainerView.swift; path = PrismUI/Views/ChatContainerView.swift; sourceTree = SOURCE_ROOT; };
		E57440AA1EF7CE43003CA9E7 /* ChatCartView.swift */ = {isa = PBXFileReference; fileEncoding = 4; lastKnownFileType = sourcecode.swift; name = ChatCartView.swift; path = PrismUI/Views/ChatCartView.swift; sourceTree = SOURCE_ROOT; };
		E57440AC1EF7CE58003CA9E7 /* ChatCartView.xib */ = {isa = PBXFileReference; fileEncoding = 4; lastKnownFileType = file.xib; name = ChatCartView.xib; path = PrismUI/Views/ChatCartView.xib; sourceTree = SOURCE_ROOT; };
		E57440AF1EF7CFA6003CA9E7 /* ProductCartView.swift */ = {isa = PBXFileReference; fileEncoding = 4; lastKnownFileType = sourcecode.swift; name = ProductCartView.swift; path = PrismUI/Views/ProductCartView.swift; sourceTree = SOURCE_ROOT; };
		E57440B11EF7CFB3003CA9E7 /* ProductCartView.xib */ = {isa = PBXFileReference; fileEncoding = 4; lastKnownFileType = file.xib; name = ProductCartView.xib; path = PrismUI/Views/ProductCartView.xib; sourceTree = SOURCE_ROOT; };
		E57440B31EF7DD8A003CA9E7 /* MidtransView.swift */ = {isa = PBXFileReference; fileEncoding = 4; lastKnownFileType = sourcecode.swift; name = MidtransView.swift; path = PrismUI/Views/MidtransView.swift; sourceTree = SOURCE_ROOT; };
		E57440B51EF7DD97003CA9E7 /* MidtransView.xib */ = {isa = PBXFileReference; fileEncoding = 4; lastKnownFileType = file.xib; name = MidtransView.xib; path = PrismUI/Views/MidtransView.xib; sourceTree = SOURCE_ROOT; };
		E58FAE5C1EF36874002F1A2A /* AuthViewModel.swift */ = {isa = PBXFileReference; fileEncoding = 4; lastKnownFileType = sourcecode.swift; path = AuthViewModel.swift; sourceTree = "<group>"; };
		E58FAE5E1EF3687D002F1A2A /* ChatViewModel.swift */ = {isa = PBXFileReference; fileEncoding = 4; lastKnownFileType = sourcecode.swift; path = ChatViewModel.swift; sourceTree = "<group>"; };
		E58FAE601EF38435002F1A2A /* ChatComposer.swift */ = {isa = PBXFileReference; fileEncoding = 4; lastKnownFileType = sourcecode.swift; path = ChatComposer.swift; sourceTree = "<group>"; };
		E58FAE611EF38435002F1A2A /* ChatComposer.xib */ = {isa = PBXFileReference; fileEncoding = 4; lastKnownFileType = file.xib; path = ChatComposer.xib; sourceTree = "<group>"; };
		E58FAE621EF38435002F1A2A /* EmojiInputView.swift */ = {isa = PBXFileReference; fileEncoding = 4; lastKnownFileType = sourcecode.swift; path = EmojiInputView.swift; sourceTree = "<group>"; };
		E58FAE631EF38435002F1A2A /* EmojiInputView.xib */ = {isa = PBXFileReference; fileEncoding = 4; lastKnownFileType = file.xib; path = EmojiInputView.xib; sourceTree = "<group>"; };
		E58FAE641EF38435002F1A2A /* OptionButtons.swift */ = {isa = PBXFileReference; fileEncoding = 4; lastKnownFileType = sourcecode.swift; path = OptionButtons.swift; sourceTree = "<group>"; };
		E58FAE651EF38435002F1A2A /* PlaceholderTextView.swift */ = {isa = PBXFileReference; fileEncoding = 4; lastKnownFileType = sourcecode.swift; path = PlaceholderTextView.swift; sourceTree = "<group>"; };
		E58FAE6E1EF385F3002F1A2A /* EmojisList.plist */ = {isa = PBXFileReference; fileEncoding = 4; lastKnownFileType = text.plist.xml; name = EmojisList.plist; path = Resources/EmojisList.plist; sourceTree = "<group>"; };
		E58FAE711EF39407002F1A2A /* ChatTextView.xib */ = {isa = PBXFileReference; fileEncoding = 4; lastKnownFileType = file.xib; name = ChatTextView.xib; path = PrismUI/Views/ChatTextView.xib; sourceTree = SOURCE_ROOT; };
		E58FAE791EF3A74D002F1A2A /* ChatBubleView.swift */ = {isa = PBXFileReference; fileEncoding = 4; lastKnownFileType = sourcecode.swift; name = ChatBubleView.swift; path = PrismUI/Views/ChatBubleView.swift; sourceTree = SOURCE_ROOT; };
		E58FAE831EF495E4002F1A2A /* ChatCell.swift */ = {isa = PBXFileReference; fileEncoding = 4; lastKnownFileType = sourcecode.swift; name = ChatCell.swift; path = PrismUI/Views/ChatCell.swift; sourceTree = SOURCE_ROOT; };
		E599E8781EF6546F00B67920 /* ChatInContainerView.xib */ = {isa = PBXFileReference; fileEncoding = 4; lastKnownFileType = file.xib; name = ChatInContainerView.xib; path = PrismUI/Views/ChatInContainerView.xib; sourceTree = SOURCE_ROOT; };
		E599E87A1EF6551200B67920 /* ChatOutContainerView.xib */ = {isa = PBXFileReference; fileEncoding = 4; lastKnownFileType = file.xib; name = ChatOutContainerView.xib; path = PrismUI/Views/ChatOutContainerView.xib; sourceTree = SOURCE_ROOT; };
		E599E87D1EF67D4300B67920 /* ChatTextView.swift */ = {isa = PBXFileReference; fileEncoding = 4; lastKnownFileType = sourcecode.swift; name = ChatTextView.swift; path = PrismUI/Views/ChatTextView.swift; sourceTree = SOURCE_ROOT; };
		E599E87F1EF67D5300B67920 /* ChatInContainerView.swift */ = {isa = PBXFileReference; fileEncoding = 4; lastKnownFileType = sourcecode.swift; name = ChatInContainerView.swift; path = PrismUI/Views/ChatInContainerView.swift; sourceTree = SOURCE_ROOT; };
		E599E8811EF67D6200B67920 /* ChatOutContainerView.swift */ = {isa = PBXFileReference; fileEncoding = 4; lastKnownFileType = sourcecode.swift; name = ChatOutContainerView.swift; path = PrismUI/Views/ChatOutContainerView.swift; sourceTree = SOURCE_ROOT; };
		E599E8831EF67F6500B67920 /* UIViewExt.swift */ = {isa = PBXFileReference; fileEncoding = 4; lastKnownFileType = sourcecode.swift; name = UIViewExt.swift; path = Utils/UIViewExt.swift; sourceTree = "<group>"; };
		E599E8851EF67FA400B67920 /* UIViewControllerExt.swift */ = {isa = PBXFileReference; fileEncoding = 4; lastKnownFileType = sourcecode.swift; name = UIViewControllerExt.swift; path = Utils/UIViewControllerExt.swift; sourceTree = "<group>"; };
		E599E8871EF67FD600B67920 /* UITextFieldExt.swift */ = {isa = PBXFileReference; fileEncoding = 4; lastKnownFileType = sourcecode.swift; name = UITextFieldExt.swift; path = Utils/UITextFieldExt.swift; sourceTree = "<group>"; };
/* End PBXFileReference section */

/* Begin PBXFrameworksBuildPhase section */
		E5053A951EF1F6B3006677A4 /* Frameworks */ = {
			isa = PBXFrameworksBuildPhase;
			buildActionMask = 2147483647;
			files = (
				E5053A9D1EF1F6B3006677A4 /* PrismUI.framework in Frameworks */,
			);
			runOnlyForDeploymentPostprocessing = 0;
		};
		E526656F1EE91A9600612E19 /* Frameworks */ = {
			isa = PBXFrameworksBuildPhase;
			buildActionMask = 2147483647;
			files = (
				E54969B81EEA82B7008209D9 /* PrismCore.framework in Frameworks */,
			);
			runOnlyForDeploymentPostprocessing = 0;
		};
/* End PBXFrameworksBuildPhase section */

/* Begin PBXGroup section */
		800E2EA91EEE2520003AB37B /* Components */ = {
			isa = PBXGroup;
			children = (
				800E2EAE1EEE35BA003AB37B /* Extensions */,
				800E2EAA1EEE2536003AB37B /* Theme */,
			);
			path = Components;
			sourceTree = "<group>";
		};
		800E2EAA1EEE2536003AB37B /* Theme */ = {
			isa = PBXGroup;
			children = (
				807C89891EEE389200DADEBF /* Theme.swift */,
			);
			name = Theme;
			path = Colors;
			sourceTree = "<group>";
		};
		800E2EAE1EEE35BA003AB37B /* Extensions */ = {
			isa = PBXGroup;
			children = (
				800E2EAF1EEE35D6003AB37B /* UIColor.swift */,
				807C89981EEE4C3400DADEBF /* UIFont.swift */,
				807C899B1EEE63B400DADEBF /* UIViewController.swift */,
				807C899E1EEE7BEC00DADEBF /* UIImageView.swift */,
			);
			path = Extensions;
			sourceTree = "<group>";
		};
		80389A381EEA3035007B9458 /* ViewModels */ = {
			isa = PBXGroup;
			children = (
				E58FAE5C1EF36874002F1A2A /* AuthViewModel.swift */,
				E58FAE5E1EF3687D002F1A2A /* ChatViewModel.swift */,
			);
			path = ViewModels;
			sourceTree = "<group>";
		};
		80389A391EEA3045007B9458 /* ViewControllers */ = {
			isa = PBXGroup;
			children = (
				E559E1F21EF26FBA004E3F03 /* BaseViewController.swift */,
				80389A3C1EEA3132007B9458 /* ConnectViewController.swift */,
				80389A3D1EEA3132007B9458 /* ConnectViewController.xib */,
				807C898F1EEE4AF100DADEBF /* ChatViewController.swift */,
				807C89901EEE4AF100DADEBF /* ChatViewController.xib */,
				E5053A871EF10D24006677A4 /* RootViewController.swift */,
				E5053A881EF10D24006677A4 /* RootViewController.xib */,
			);
			path = ViewControllers;
			sourceTree = "<group>";
		};
		80389A3A1EEA3053007B9458 /* Views */ = {
			isa = PBXGroup;
			children = (
				E58FAE601EF38435002F1A2A /* ChatComposer.swift */,
				E58FAE611EF38435002F1A2A /* ChatComposer.xib */,
				E58FAE621EF38435002F1A2A /* EmojiInputView.swift */,
				E58FAE631EF38435002F1A2A /* EmojiInputView.xib */,
				E58FAE641EF38435002F1A2A /* OptionButtons.swift */,
				E58FAE651EF38435002F1A2A /* PlaceholderTextView.swift */,
				80389A421EEA3140007B9458 /* LinedTextField.swift */,
				E58FAE791EF3A74D002F1A2A /* ChatBubleView.swift */,
			);
			path = Views;
			sourceTree = "<group>";
		};
		80389A3B1EEA3087007B9458 /* Cells */ = {
			isa = PBXGroup;
			children = (
				E58FAE701EF38D00002F1A2A /* ChatCell */,
			);
			name = Cells;
			sourceTree = "<group>";
		};
		E5053A8D1EF130FD006677A4 /* Models */ = {
			isa = PBXGroup;
			children = (
				E5053A8E1EF13123006677A4 /* InputFormSettings.swift */,
				E5053A901EF13728006677A4 /* PrismCredential.swift */,
				E559E1F01EF2658C004E3F03 /* Settings.swift */,
			);
			name = Models;
			sourceTree = "<group>";
		};
		E5053A991EF1F6B3006677A4 /* PrismUnitTests */ = {
			isa = PBXGroup;
			children = (
				E5053A9A1EF1F6B3006677A4 /* PrismUnitTests.swift */,
				E5053A9C1EF1F6B3006677A4 /* Info.plist */,
			);
			path = PrismUnitTests;
			sourceTree = "<group>";
		};
		E52665691EE91A9600612E19 = {
			isa = PBXGroup;
			children = (
				E52665751EE91A9600612E19 /* PrismUI */,
				E5053A991EF1F6B3006677A4 /* PrismUnitTests */,
				E52665741EE91A9600612E19 /* Products */,
				E54969B61EEA82B7008209D9 /* Frameworks */,
			);
			sourceTree = "<group>";
		};
		E52665741EE91A9600612E19 /* Products */ = {
			isa = PBXGroup;
			children = (
				E52665731EE91A9600612E19 /* PrismUI.framework */,
				E5053A981EF1F6B3006677A4 /* PrismUnitTests.xctest */,
			);
			name = Products;
			sourceTree = "<group>";
		};
		E52665751EE91A9600612E19 /* PrismUI */ = {
			isa = PBXGroup;
			children = (
				E54969B91EEA847C008209D9 /* Utils */,
				E5CD9F6C1EEA7F650066C1CC /* Resources */,
				800E2EA91EEE2520003AB37B /* Components */,
				80389A3B1EEA3087007B9458 /* Cells */,
				80389A3A1EEA3053007B9458 /* Views */,
				E5053A8D1EF130FD006677A4 /* Models */,
				80389A391EEA3045007B9458 /* ViewControllers */,
				80389A381EEA3035007B9458 /* ViewModels */,
				E52665761EE91A9600612E19 /* PrismUI.h */,
				E52665771EE91A9600612E19 /* Info.plist */,
				80389A521EEA7A13007B9458 /* PrismUI.swift */,
			);
			path = PrismUI;
			sourceTree = "<group>";
		};
		E54969B61EEA82B7008209D9 /* Frameworks */ = {
			isa = PBXGroup;
			children = (
				E54969B71EEA82B7008209D9 /* PrismCore.framework */,
			);
			name = Frameworks;
			sourceTree = "<group>";
		};
		E54969B91EEA847C008209D9 /* Utils */ = {
			isa = PBXGroup;
			children = (
				E54969BA1EEA8496008209D9 /* Utils.swift */,
				E599E8831EF67F6500B67920 /* UIViewExt.swift */,
				E599E8851EF67FA400B67920 /* UIViewControllerExt.swift */,
				E599E8871EF67FD600B67920 /* UITextFieldExt.swift */,
				E508C1BA1EF8BD22004DCB6A /* NumberExt.swift */,
			);
			name = Utils;
			sourceTree = "<group>";
		};
		E574408B1EF76478003CA9E7 /* Content */ = {
			isa = PBXGroup;
			children = (
				E57440A11EF79EC8003CA9E7 /* ChatContentProtocol.swift */,
				E599E87D1EF67D4300B67920 /* ChatTextView.swift */,
				E58FAE711EF39407002F1A2A /* ChatTextView.xib */,
				E574408C1EF7649A003CA9E7 /* ChatStickerView.swift */,
				E574408E1EF764AC003CA9E7 /* ChatStickerView.xib */,
				E57440901EF76BBB003CA9E7 /* ChatInvoiceView.swift */,
				E57440961EF76BFD003CA9E7 /* ChatInvoiceView.xib */,
				E57440921EF76BD0003CA9E7 /* ChatProductView.swift */,
				E57440941EF76BEC003CA9E7 /* ChatProductView.xib */,
				E57440AA1EF7CE43003CA9E7 /* ChatCartView.swift */,
				E57440AC1EF7CE58003CA9E7 /* ChatCartView.xib */,
				E508C1B61EF8B469004DCB6A /* ChatImageView.swift */,
				E508C1B81EF8B479004DCB6A /* ChatImageView.xib */,
			);
			name = Content;
			sourceTree = "<group>";
		};
		E57440981EF76F7D003CA9E7 /* Cell */ = {
			isa = PBXGroup;
			children = (
				E574409D1EF76FCF003CA9E7 /* ContentProductCell.swift */,
				E574409E1EF76FCF003CA9E7 /* ContentProductCell.xib */,
			);
			name = Cell;
			sourceTree = "<group>";
		};
		E57440A91EF7CA21003CA9E7 /* Container */ = {
			isa = PBXGroup;
			children = (
				E57440A31EF7A898003CA9E7 /* ChatContainerView.swift */,
				E599E87F1EF67D5300B67920 /* ChatInContainerView.swift */,
				E599E8781EF6546F00B67920 /* ChatInContainerView.xib */,
				E599E8811EF67D6200B67920 /* ChatOutContainerView.swift */,
				E599E87A1EF6551200B67920 /* ChatOutContainerView.xib */,
				E57440831EF760C2003CA9E7 /* StickerInContainer.swift */,
				E57440871EF76140003CA9E7 /* StickerInContainer.xib */,
				E57440851EF760D0003CA9E7 /* StickerOutContainer.swift */,
				E57440891EF7615B003CA9E7 /* StickerOutContainer.xib */,
			);
			name = Container;
			sourceTree = "<group>";
		};
		E57440AE1EF7CF7E003CA9E7 /* View */ = {
			isa = PBXGroup;
			children = (
				E57440AF1EF7CFA6003CA9E7 /* ProductCartView.swift */,
				E57440B11EF7CFB3003CA9E7 /* ProductCartView.xib */,
				E57440B31EF7DD8A003CA9E7 /* MidtransView.swift */,
				E57440B51EF7DD97003CA9E7 /* MidtransView.xib */,
			);
			name = View;
			sourceTree = "<group>";
		};
		E58FAE701EF38D00002F1A2A /* ChatCell */ = {
			isa = PBXGroup;
			children = (
				E57440AE1EF7CF7E003CA9E7 /* View */,
				E57440981EF76F7D003CA9E7 /* Cell */,
				E574408B1EF76478003CA9E7 /* Content */,
				E57440A91EF7CA21003CA9E7 /* Container */,
				E58FAE831EF495E4002F1A2A /* ChatCell.swift */,
			);
			name = ChatCell;
			path = ViewControllers;
			sourceTree = "<group>";
		};
		E5CD9F6C1EEA7F650066C1CC /* Resources */ = {
			isa = PBXGroup;
			children = (
				E58FAE6E1EF385F3002F1A2A /* EmojisList.plist */,
				E547D2271EF1FA6200B66136 /* Media.xcassets */,
				E508C1C21EF8D6F9004DCB6A /* Localizable.strings */,
			);
			name = Resources;
			sourceTree = "<group>";
		};
/* End PBXGroup section */

/* Begin PBXHeadersBuildPhase section */
		E52665701EE91A9600612E19 /* Headers */ = {
			isa = PBXHeadersBuildPhase;
			buildActionMask = 2147483647;
			files = (
				E52665841EE91A9600612E19 /* PrismUI.h in Headers */,
			);
			runOnlyForDeploymentPostprocessing = 0;
		};
/* End PBXHeadersBuildPhase section */

/* Begin PBXNativeTarget section */
		E5053A971EF1F6B3006677A4 /* PrismUnitTests */ = {
			isa = PBXNativeTarget;
			buildConfigurationList = E5053AA01EF1F6B3006677A4 /* Build configuration list for PBXNativeTarget "PrismUnitTests" */;
			buildPhases = (
				E5053A941EF1F6B3006677A4 /* Sources */,
				E5053A951EF1F6B3006677A4 /* Frameworks */,
				E5053A961EF1F6B3006677A4 /* Resources */,
			);
			buildRules = (
			);
			dependencies = (
				E5053A9F1EF1F6B3006677A4 /* PBXTargetDependency */,
			);
			name = PrismUnitTests;
			productName = PrismUnitTests;
			productReference = E5053A981EF1F6B3006677A4 /* PrismUnitTests.xctest */;
			productType = "com.apple.product-type.bundle.unit-test";
		};
		E52665721EE91A9600612E19 /* PrismUI */ = {
			isa = PBXNativeTarget;
			buildConfigurationList = E52665871EE91A9600612E19 /* Build configuration list for PBXNativeTarget "PrismUI" */;
			buildPhases = (
				E526656E1EE91A9600612E19 /* Sources */,
				E526656F1EE91A9600612E19 /* Frameworks */,
				E52665701EE91A9600612E19 /* Headers */,
				E52665711EE91A9600612E19 /* Resources */,
			);
			buildRules = (
			);
			dependencies = (
			);
			name = PrismUI;
			productName = PrismUI;
			productReference = E52665731EE91A9600612E19 /* PrismUI.framework */;
			productType = "com.apple.product-type.framework";
		};
/* End PBXNativeTarget section */

/* Begin PBXProject section */
		E526656A1EE91A9600612E19 /* Project object */ = {
			isa = PBXProject;
			attributes = {
				LastSwiftUpdateCheck = 0830;
				LastUpgradeCheck = 0830;
				ORGANIZATIONNAME = Prism;
				TargetAttributes = {
					E5053A971EF1F6B3006677A4 = {
						CreatedOnToolsVersion = 8.3.3;
						DevelopmentTeam = G92YEQF267;
						ProvisioningStyle = Automatic;
					};
					E52665721EE91A9600612E19 = {
						CreatedOnToolsVersion = 8.3.3;
						DevelopmentTeam = G92YEQF267;
						LastSwiftMigration = 0830;
						ProvisioningStyle = Automatic;
					};
				};
			};
			buildConfigurationList = E526656D1EE91A9600612E19 /* Build configuration list for PBXProject "PrismUI" */;
			compatibilityVersion = "Xcode 3.2";
			developmentRegion = English;
			hasScannedForEncodings = 0;
			knownRegions = (
				en,
			);
			mainGroup = E52665691EE91A9600612E19;
			productRefGroup = E52665741EE91A9600612E19 /* Products */;
			projectDirPath = "";
			projectRoot = "";
			targets = (
				E52665721EE91A9600612E19 /* PrismUI */,
				E5053A971EF1F6B3006677A4 /* PrismUnitTests */,
			);
		};
/* End PBXProject section */

/* Begin PBXResourcesBuildPhase section */
		E5053A961EF1F6B3006677A4 /* Resources */ = {
			isa = PBXResourcesBuildPhase;
			buildActionMask = 2147483647;
			files = (
			);
			runOnlyForDeploymentPostprocessing = 0;
		};
		E52665711EE91A9600612E19 /* Resources */ = {
			isa = PBXResourcesBuildPhase;
			buildActionMask = 2147483647;
			files = (
				E574408A1EF7615B003CA9E7 /* StickerOutContainer.xib in Resources */,
				E547D2281EF1FA6200B66136 /* Media.xcassets in Resources */,
				E58FAE6F1EF385F3002F1A2A /* EmojisList.plist in Resources */,
				E57440A01EF76FCF003CA9E7 /* ContentProductCell.xib in Resources */,
				80389A401EEA3132007B9458 /* ConnectViewController.xib in Resources */,
				E58FAE691EF38435002F1A2A /* EmojiInputView.xib in Resources */,
				E58FAE671EF38435002F1A2A /* ChatComposer.xib in Resources */,
				E57440951EF76BEC003CA9E7 /* ChatProductView.xib in Resources */,
				E508C1B91EF8B479004DCB6A /* ChatImageView.xib in Resources */,
				E57440881EF76140003CA9E7 /* StickerInContainer.xib in Resources */,
				E508C1C31EF8D6F9004DCB6A /* Localizable.strings in Resources */,
				E57440AD1EF7CE58003CA9E7 /* ChatCartView.xib in Resources */,
				E57440B21EF7CFB3003CA9E7 /* ProductCartView.xib in Resources */,
				E5053A8A1EF10D24006677A4 /* RootViewController.xib in Resources */,
				E574408F1EF764AC003CA9E7 /* ChatStickerView.xib in Resources */,
				E599E87B1EF6551200B67920 /* ChatOutContainerView.xib in Resources */,
				807C89931EEE4AF100DADEBF /* ChatViewController.xib in Resources */,
				E57440971EF76BFD003CA9E7 /* ChatInvoiceView.xib in Resources */,
				E58FAE721EF39407002F1A2A /* ChatTextView.xib in Resources */,
				E57440B61EF7DD97003CA9E7 /* MidtransView.xib in Resources */,
				E599E8791EF6546F00B67920 /* ChatInContainerView.xib in Resources */,
			);
			runOnlyForDeploymentPostprocessing = 0;
		};
/* End PBXResourcesBuildPhase section */

/* Begin PBXSourcesBuildPhase section */
		E5053A941EF1F6B3006677A4 /* Sources */ = {
			isa = PBXSourcesBuildPhase;
			buildActionMask = 2147483647;
			files = (
				E5053A9B1EF1F6B3006677A4 /* PrismUnitTests.swift in Sources */,
			);
			runOnlyForDeploymentPostprocessing = 0;
		};
		E526656E1EE91A9600612E19 /* Sources */ = {
			isa = PBXSourcesBuildPhase;
			buildActionMask = 2147483647;
			files = (
				E57440AB1EF7CE43003CA9E7 /* ChatCartView.swift in Sources */,
				E5053A8F1EF13123006677A4 /* InputFormSettings.swift in Sources */,
				E5053A861EF10930006677A4 /* LinedTextField.swift in Sources */,
				E58FAE681EF38435002F1A2A /* EmojiInputView.swift in Sources */,
				E58FAE7A1EF3A74D002F1A2A /* ChatBubleView.swift in Sources */,
				E57440861EF760D0003CA9E7 /* StickerOutContainer.swift in Sources */,
				80389A531EEA7A13007B9458 /* PrismUI.swift in Sources */,
				E58FAE6A1EF38435002F1A2A /* OptionButtons.swift in Sources */,
				807C899F1EEE7BEC00DADEBF /* UIImageView.swift in Sources */,
				E57440931EF76BD0003CA9E7 /* ChatProductView.swift in Sources */,
				E5053A891EF10D24006677A4 /* RootViewController.swift in Sources */,
				80389A3E1EEA3132007B9458 /* ConnectViewController.swift in Sources */,
				E559E1F31EF26FBA004E3F03 /* BaseViewController.swift in Sources */,
				E58FAE841EF495E4002F1A2A /* ChatCell.swift in Sources */,
				E57440B01EF7CFA6003CA9E7 /* ProductCartView.swift in Sources */,
				E599E8821EF67D6200B67920 /* ChatOutContainerView.swift in Sources */,
				E57440841EF760C3003CA9E7 /* StickerInContainer.swift in Sources */,
				E58FAE6B1EF38435002F1A2A /* PlaceholderTextView.swift in Sources */,
				E508C1B71EF8B469004DCB6A /* ChatImageView.swift in Sources */,
				E57440A41EF7A898003CA9E7 /* ChatContainerView.swift in Sources */,
				E58FAE5D1EF36874002F1A2A /* AuthViewModel.swift in Sources */,
				E54969BB1EEA8496008209D9 /* Utils.swift in Sources */,
				E58FAE661EF38435002F1A2A /* ChatComposer.swift in Sources */,
				807C899C1EEE63B400DADEBF /* UIViewController.swift in Sources */,
				E508C1BB1EF8BD22004DCB6A /* NumberExt.swift in Sources */,
				E58FAE5F1EF3687D002F1A2A /* ChatViewModel.swift in Sources */,
				E599E8841EF67F6500B67920 /* UIViewExt.swift in Sources */,
				807C898A1EEE389200DADEBF /* Theme.swift in Sources */,
				E574408D1EF7649A003CA9E7 /* ChatStickerView.swift in Sources */,
				E559E1F11EF2658C004E3F03 /* Settings.swift in Sources */,
				807C89991EEE4C3400DADEBF /* UIFont.swift in Sources */,
				E599E8801EF67D5300B67920 /* ChatInContainerView.swift in Sources */,
				E574409F1EF76FCF003CA9E7 /* ContentProductCell.swift in Sources */,
				E599E8861EF67FA400B67920 /* UIViewControllerExt.swift in Sources */,
				807C89911EEE4AF100DADEBF /* ChatViewController.swift in Sources */,
				E599E8881EF67FD600B67920 /* UITextFieldExt.swift in Sources */,
				E57440911EF76BBB003CA9E7 /* ChatInvoiceView.swift in Sources */,
				E57440A21EF79EC8003CA9E7 /* ChatContentProtocol.swift in Sources */,
				E5053A911EF13728006677A4 /* PrismCredential.swift in Sources */,
				800E2EB01EEE35D6003AB37B /* UIColor.swift in Sources */,
				E57440B41EF7DD8A003CA9E7 /* MidtransView.swift in Sources */,
				E599E87E1EF67D4300B67920 /* ChatTextView.swift in Sources */,
			);
			runOnlyForDeploymentPostprocessing = 0;
		};
/* End PBXSourcesBuildPhase section */

/* Begin PBXTargetDependency section */
		E5053A9F1EF1F6B3006677A4 /* PBXTargetDependency */ = {
			isa = PBXTargetDependency;
			target = E52665721EE91A9600612E19 /* PrismUI */;
			targetProxy = E5053A9E1EF1F6B3006677A4 /* PBXContainerItemProxy */;
		};
/* End PBXTargetDependency section */

/* Begin XCBuildConfiguration section */
		E5053AA11EF1F6B3006677A4 /* Debug */ = {
			isa = XCBuildConfiguration;
			buildSettings = {
				DEVELOPMENT_TEAM = G92YEQF267;
				INFOPLIST_FILE = PrismUnitTests/Info.plist;
				IPHONEOS_DEPLOYMENT_TARGET = 10.3;
				LD_RUNPATH_SEARCH_PATHS = "$(inherited) @executable_path/Frameworks @loader_path/Frameworks";
				PRODUCT_BUNDLE_IDENTIFIER = io.prismapp.PrismUnitTests;
				PRODUCT_NAME = "$(TARGET_NAME)";
				SWIFT_VERSION = 3.0;
			};
			name = Debug;
		};
		E5053AA21EF1F6B3006677A4 /* Release */ = {
			isa = XCBuildConfiguration;
			buildSettings = {
				DEVELOPMENT_TEAM = G92YEQF267;
				INFOPLIST_FILE = PrismUnitTests/Info.plist;
				IPHONEOS_DEPLOYMENT_TARGET = 10.3;
				LD_RUNPATH_SEARCH_PATHS = "$(inherited) @executable_path/Frameworks @loader_path/Frameworks";
				PRODUCT_BUNDLE_IDENTIFIER = io.prismapp.PrismUnitTests;
				PRODUCT_NAME = "$(TARGET_NAME)";
				SWIFT_VERSION = 3.0;
			};
			name = Release;
		};
		E52665851EE91A9600612E19 /* Debug */ = {
			isa = XCBuildConfiguration;
			buildSettings = {
				ALWAYS_SEARCH_USER_PATHS = NO;
				CLANG_ANALYZER_NONNULL = YES;
				CLANG_ANALYZER_NUMBER_OBJECT_CONVERSION = YES_AGGRESSIVE;
				CLANG_CXX_LANGUAGE_STANDARD = "gnu++0x";
				CLANG_CXX_LIBRARY = "libc++";
				CLANG_ENABLE_MODULES = YES;
				CLANG_ENABLE_OBJC_ARC = YES;
				CLANG_WARN_BOOL_CONVERSION = YES;
				CLANG_WARN_CONSTANT_CONVERSION = YES;
				CLANG_WARN_DIRECT_OBJC_ISA_USAGE = YES_ERROR;
				CLANG_WARN_DOCUMENTATION_COMMENTS = YES;
				CLANG_WARN_EMPTY_BODY = YES;
				CLANG_WARN_ENUM_CONVERSION = YES;
				CLANG_WARN_INFINITE_RECURSION = YES;
				CLANG_WARN_INT_CONVERSION = YES;
				CLANG_WARN_OBJC_ROOT_CLASS = YES_ERROR;
				CLANG_WARN_SUSPICIOUS_MOVE = YES;
				CLANG_WARN_UNREACHABLE_CODE = YES;
				CLANG_WARN__DUPLICATE_METHOD_MATCH = YES;
				"CODE_SIGN_IDENTITY[sdk=iphoneos*]" = "iPhone Developer";
				COPY_PHASE_STRIP = NO;
				CURRENT_PROJECT_VERSION = 1;
				DEBUG_INFORMATION_FORMAT = dwarf;
				ENABLE_STRICT_OBJC_MSGSEND = YES;
				ENABLE_TESTABILITY = YES;
				GCC_C_LANGUAGE_STANDARD = gnu99;
				GCC_DYNAMIC_NO_PIC = NO;
				GCC_NO_COMMON_BLOCKS = YES;
				GCC_OPTIMIZATION_LEVEL = 0;
				GCC_PREPROCESSOR_DEFINITIONS = (
					"DEBUG=1",
					"$(inherited)",
				);
				GCC_WARN_64_TO_32_BIT_CONVERSION = YES;
				GCC_WARN_ABOUT_RETURN_TYPE = YES_ERROR;
				GCC_WARN_UNDECLARED_SELECTOR = YES;
				GCC_WARN_UNINITIALIZED_AUTOS = YES_AGGRESSIVE;
				GCC_WARN_UNUSED_FUNCTION = YES;
				GCC_WARN_UNUSED_VARIABLE = YES;
				IPHONEOS_DEPLOYMENT_TARGET = 9.0;
				MTL_ENABLE_DEBUG_INFO = YES;
				ONLY_ACTIVE_ARCH = YES;
				SDKROOT = iphoneos;
				SWIFT_ACTIVE_COMPILATION_CONDITIONS = DEBUG;
				SWIFT_OPTIMIZATION_LEVEL = "-Onone";
				TARGETED_DEVICE_FAMILY = "1,2";
				VERSIONING_SYSTEM = "apple-generic";
				VERSION_INFO_PREFIX = "";
			};
			name = Debug;
		};
		E52665861EE91A9600612E19 /* Release */ = {
			isa = XCBuildConfiguration;
			buildSettings = {
				ALWAYS_SEARCH_USER_PATHS = NO;
				CLANG_ANALYZER_NONNULL = YES;
				CLANG_ANALYZER_NUMBER_OBJECT_CONVERSION = YES_AGGRESSIVE;
				CLANG_CXX_LANGUAGE_STANDARD = "gnu++0x";
				CLANG_CXX_LIBRARY = "libc++";
				CLANG_ENABLE_MODULES = YES;
				CLANG_ENABLE_OBJC_ARC = YES;
				CLANG_WARN_BOOL_CONVERSION = YES;
				CLANG_WARN_CONSTANT_CONVERSION = YES;
				CLANG_WARN_DIRECT_OBJC_ISA_USAGE = YES_ERROR;
				CLANG_WARN_DOCUMENTATION_COMMENTS = YES;
				CLANG_WARN_EMPTY_BODY = YES;
				CLANG_WARN_ENUM_CONVERSION = YES;
				CLANG_WARN_INFINITE_RECURSION = YES;
				CLANG_WARN_INT_CONVERSION = YES;
				CLANG_WARN_OBJC_ROOT_CLASS = YES_ERROR;
				CLANG_WARN_SUSPICIOUS_MOVE = YES;
				CLANG_WARN_UNREACHABLE_CODE = YES;
				CLANG_WARN__DUPLICATE_METHOD_MATCH = YES;
				"CODE_SIGN_IDENTITY[sdk=iphoneos*]" = "iPhone Developer";
				COPY_PHASE_STRIP = NO;
				CURRENT_PROJECT_VERSION = 1;
				DEBUG_INFORMATION_FORMAT = "dwarf-with-dsym";
				ENABLE_NS_ASSERTIONS = NO;
				ENABLE_STRICT_OBJC_MSGSEND = YES;
				GCC_C_LANGUAGE_STANDARD = gnu99;
				GCC_NO_COMMON_BLOCKS = YES;
				GCC_WARN_64_TO_32_BIT_CONVERSION = YES;
				GCC_WARN_ABOUT_RETURN_TYPE = YES_ERROR;
				GCC_WARN_UNDECLARED_SELECTOR = YES;
				GCC_WARN_UNINITIALIZED_AUTOS = YES_AGGRESSIVE;
				GCC_WARN_UNUSED_FUNCTION = YES;
				GCC_WARN_UNUSED_VARIABLE = YES;
				IPHONEOS_DEPLOYMENT_TARGET = 9.0;
				MTL_ENABLE_DEBUG_INFO = NO;
				SDKROOT = iphoneos;
				SWIFT_OPTIMIZATION_LEVEL = "-Owholemodule";
				TARGETED_DEVICE_FAMILY = "1,2";
				VALIDATE_PRODUCT = YES;
				VERSIONING_SYSTEM = "apple-generic";
				VERSION_INFO_PREFIX = "";
			};
			name = Release;
		};
		E52665881EE91A9600612E19 /* Debug */ = {
			isa = XCBuildConfiguration;
			buildSettings = {
				CLANG_ENABLE_MODULES = YES;
				CODE_SIGN_IDENTITY = "";
				DEFINES_MODULE = YES;
				DEVELOPMENT_TEAM = G92YEQF267;
				DYLIB_COMPATIBILITY_VERSION = 1;
				DYLIB_CURRENT_VERSION = 1;
				DYLIB_INSTALL_NAME_BASE = "@rpath";
				INFOPLIST_FILE = PrismUI/Info.plist;
				INSTALL_PATH = "$(LOCAL_LIBRARY_DIR)/Frameworks";
				LD_RUNPATH_SEARCH_PATHS = "$(inherited) @executable_path/Frameworks @loader_path/Frameworks";
				PRODUCT_BUNDLE_IDENTIFIER = io.prismapp.PrismUI;
				PRODUCT_NAME = "$(TARGET_NAME)";
				SKIP_INSTALL = YES;
				SWIFT_OPTIMIZATION_LEVEL = "-Onone";
				SWIFT_VERSION = 3.0;
			};
			name = Debug;
		};
		E52665891EE91A9600612E19 /* Release */ = {
			isa = XCBuildConfiguration;
			buildSettings = {
				CLANG_ENABLE_MODULES = YES;
				CODE_SIGN_IDENTITY = "";
				DEFINES_MODULE = YES;
				DEVELOPMENT_TEAM = G92YEQF267;
				DYLIB_COMPATIBILITY_VERSION = 1;
				DYLIB_CURRENT_VERSION = 1;
				DYLIB_INSTALL_NAME_BASE = "@rpath";
				INFOPLIST_FILE = PrismUI/Info.plist;
				INSTALL_PATH = "$(LOCAL_LIBRARY_DIR)/Frameworks";
				LD_RUNPATH_SEARCH_PATHS = "$(inherited) @executable_path/Frameworks @loader_path/Frameworks";
				PRODUCT_BUNDLE_IDENTIFIER = io.prismapp.PrismUI;
				PRODUCT_NAME = "$(TARGET_NAME)";
				SKIP_INSTALL = YES;
				SWIFT_VERSION = 3.0;
			};
			name = Release;
		};
/* End XCBuildConfiguration section */

/* Begin XCConfigurationList section */
		E5053AA01EF1F6B3006677A4 /* Build configuration list for PBXNativeTarget "PrismUnitTests" */ = {
			isa = XCConfigurationList;
			buildConfigurations = (
				E5053AA11EF1F6B3006677A4 /* Debug */,
				E5053AA21EF1F6B3006677A4 /* Release */,
			);
			defaultConfigurationIsVisible = 0;
			defaultConfigurationName = Release;
		};
		E526656D1EE91A9600612E19 /* Build configuration list for PBXProject "PrismUI" */ = {
			isa = XCConfigurationList;
			buildConfigurations = (
				E52665851EE91A9600612E19 /* Debug */,
				E52665861EE91A9600612E19 /* Release */,
			);
			defaultConfigurationIsVisible = 0;
			defaultConfigurationName = Release;
		};
		E52665871EE91A9600612E19 /* Build configuration list for PBXNativeTarget "PrismUI" */ = {
			isa = XCConfigurationList;
			buildConfigurations = (
				E52665881EE91A9600612E19 /* Debug */,
				E52665891EE91A9600612E19 /* Release */,
			);
			defaultConfigurationIsVisible = 0;
			defaultConfigurationName = Release;
		};
/* End XCConfigurationList section */
	};
	rootObject = E526656A1EE91A9600612E19 /* Project object */;
}
